
Microsoft Visual Studio Solution File, Format Version 12.00
# Visual Studio Version 16
VisualStudioVersion = 16.0.30114.105
MinimumVisualStudioVersion = 10.0.40219.1
Project("{FAE04EC0-301F-11D3-BF4B-00C04F79EFBC}") = "1480. Running Sum of 1d Array", "1480. Running Sum of 1d Array\1480. Running Sum of 1d Array.csproj", "{8AC5658F-78F7-434E-8DE1-5D8A4E32D0F3}"
EndProject
Project("{FAE04EC0-301F-11D3-BF4B-00C04F79EFBC}") = "1672. Richest Customer Wealth", "1672. Richest Customer Wealth\1672. Richest Customer Wealth.csproj", "{42421D5D-04BD-4CE9-86F7-1336095B0E14}"
EndProject
Project("{FAE04EC0-301F-11D3-BF4B-00C04F79EFBC}") = "1431. Kids With the Greatest Number of Candies", "1431. Kids With the Greatest Number of Candies\1431. Kids With the Greatest Number of Candies.csproj", "{6BCDA98F-2EF9-4978-8177-32AAB7FCA557}"
EndProject
Project("{9A19103F-16F7-4668-BE54-9A1E7A4F7556}") = "1470. Shuffle the Array", "1470. Shuffle the Array\1470. Shuffle the Array.csproj", "{CB95CBF2-84D6-4F9D-880A-D0E81F14FB89}"
EndProject
Project("{FAE04EC0-301F-11D3-BF4B-00C04F79EFBC}") = "1108. Defanging an IP Address", "1108. Defanging an IP Address\1108. Defanging an IP Address.csproj", "{53D9CDB0-4139-48BF-A341-B23AA2C60B34}"
EndProject
Project("{FAE04EC0-301F-11D3-BF4B-00C04F79EFBC}") = "1512. Number of Good Pairs", "1512. Number of Good Pairs\1512. Number of Good Pairs.csproj", "{2A8758B0-5E69-4600-B75F-6F7F8F826D48}"
EndProject
Project("{FAE04EC0-301F-11D3-BF4B-00C04F79EFBC}") = "1678. Goal Parser Interpretation", "1678. Goal Parser Interpretation\1678. Goal Parser Interpretation.csproj", "{C812D66A-61AA-4F17-BC5E-E5593B35A165}"
EndProject
Project("{FAE04EC0-301F-11D3-BF4B-00C04F79EFBC}") = "1684. Count the Number of Consistent Strings", "1684. Count the Number of Consistent Strings\1684. Count the Number of Consistent Strings.csproj", "{C368D337-8651-4664-B1D5-81E7FCE683F2}"
EndProject
Project("{FAE04EC0-301F-11D3-BF4B-00C04F79EFBC}") = "771. Jewels and Stones", "771. Jewels and Stones\771. Jewels and Stones.csproj", "{A21C04C1-3C06-4C88-970D-4AA918DB2A72}"
EndProject
Project("{FAE04EC0-301F-11D3-BF4B-00C04F79EFBC}") = "1603. Design Parking System", "1603. Design Parking System\1603. Design Parking System.csproj", "{1C3FD86E-740D-4247-8474-37DE97A1BC42}"
EndProject
Project("{FAE04EC0-301F-11D3-BF4B-00C04F79EFBC}") = "1365. How Many Numbers Are Smaller Than the Current Number", "1365. How Many Numbers Are Smaller Than the Current Number\1365. How Many Numbers Are Smaller Than the Current Number.csproj", "{C6D82EA7-5296-45BA-98B2-CB91E21F2995}"
EndProject
Project("{FAE04EC0-301F-11D3-BF4B-00C04F79EFBC}") = "1342. Number of Steps to Reduce a Number to Zero", "1342. Number of Steps to Reduce a Number to Zero\1342. Number of Steps to Reduce a Number to Zero.csproj", "{2DC4F322-C34F-4515-9FCA-B25A3D38D7E2}"
EndProject
Project("{FAE04EC0-301F-11D3-BF4B-00C04F79EFBC}") = "1528. Shuffle String", "1528. Shuffle String\1528. Shuffle String.csproj", "{3AAEB639-E821-4C9D-B53C-EDCEE0710DAE}"
EndProject
Project("{FAE04EC0-301F-11D3-BF4B-00C04F79EFBC}") = "1281. Subtract the Product and Sum of Digits of an Integer", "1281. Subtract the Product and Sum of Digits of an Integer\1281. Subtract the Product and Sum of Digits of an Integer.csproj", "{7D27988D-ED13-432F-9B9B-8CFC68A2DA47}"
EndProject
Project("{FAE04EC0-301F-11D3-BF4B-00C04F79EFBC}") = "1313. Decompress Run-Length Encoded List", "1313. Decompress Run-Length Encoded List\1313. Decompress Run-Length Encoded List.csproj", "{E6FAC8A1-C165-4CC5-910B-517E831AE5F5}"
EndProject
Project("{FAE04EC0-301F-11D3-BF4B-00C04F79EFBC}") = "1662. Check If Two String Arrays are Equivalent", "1662. Check If Two String Arrays are Equivalent\1662. Check If Two String Arrays are Equivalent.csproj", "{02959D3C-1951-4C15-8064-B3349FFB039C}"
EndProject
Project("{FAE04EC0-301F-11D3-BF4B-00C04F79EFBC}") = "1389. Create Target Array in the Given Order", "1389. Create Target Array in the Given Order\1389. Create Target Array in the Given Order.csproj", "{7C36EBF2-22B6-4032-96FA-CEA8A16B609D}"
EndProject
Project("{FAE04EC0-301F-11D3-BF4B-00C04F79EFBC}") = "1688. Count of Matches in Tournament", "1688. Count of Matches in Tournament\1688. Count of Matches in Tournament.csproj", "{CF470C09-921D-496F-AFEA-9228CDA13823}"
EndProject
Project("{FAE04EC0-301F-11D3-BF4B-00C04F79EFBC}") = "1614. Maximum Nesting Depth of the Parentheses", "1614. Maximum Nesting Depth of the Parentheses\1614. Maximum Nesting Depth of the Parentheses.csproj", "{DB62CAB9-A7F1-4C96-B727-45C3028DCFF6}"
EndProject
Project("{FAE04EC0-301F-11D3-BF4B-00C04F79EFBC}") = "1221. Split a String in Balanced Strings", "1221. Split a String in Balanced Strings\1221. Split a String in Balanced Strings.csproj", "{F387C37E-E6B6-4713-8584-8104AB1B9EA6}"
EndProject
Project("{FAE04EC0-301F-11D3-BF4B-00C04F79EFBC}") = "1295. Find Numbers with Even Number of Digits", "1295. Find Numbers with Even Number of Digits\1295. Find Numbers with Even Number of Digits.csproj", "{42222FB0-529D-495F-A240-984727BA05A1}"
EndProject
Project("{FAE04EC0-301F-11D3-BF4B-00C04F79EFBC}") = "942. DI String Match", "942. DI String Match\942. DI String Match.csproj", "{0A8A81B9-5643-4BCA-BC2A-F5BD8DFE4995}"
EndProject
Project("{FAE04EC0-301F-11D3-BF4B-00C04F79EFBC}") = "700. Search in a Binary Search Tree", "700. Search in a Binary Search Tree\700. Search in a Binary Search Tree.csproj", "{CBFB2D78-6B5D-41FF-BD6B-75C5953FCC19}"
EndProject
Project("{FAE04EC0-301F-11D3-BF4B-00C04F79EFBC}") = "657. Robot Return to Origin", "657. Robot Return to Origin\657. Robot Return to Origin.csproj", "{6367FCAC-2396-48FC-8F47-8F428090DB7D}"
EndProject
Project("{FAE04EC0-301F-11D3-BF4B-00C04F79EFBC}") = "897. Increasing Order Search Tree", "897. Increasing Order Search Tree\897. Increasing Order Search Tree.csproj", "{365F56AB-0748-4F0E-B001-6BF88A2BD428}"
EndProject
Project("{FAE04EC0-301F-11D3-BF4B-00C04F79EFBC}") = "1486. XOR Operation in an Array", "1486. XOR Operation in an Array\1486. XOR Operation in an Array.csproj", "{548F70FD-1BD8-46D4-966C-F57E9C22215C}"
EndProject
Project("{FAE04EC0-301F-11D3-BF4B-00C04F79EFBC}") = "938. Range Sum of BST", "938. Range Sum of BST\938. Range Sum of BST.csproj", "{D70462A3-A426-4A66-BF80-6DEE15CA72A6}"
EndProject
Project("{FAE04EC0-301F-11D3-BF4B-00C04F79EFBC}") = "1656. Design an Ordered Stream", "1656. Design an Ordered Stream\1656. Design an Ordered Stream.csproj", "{4408161C-669F-4B34-8A8B-EA5F4C75157B}"
EndProject
Project("{FAE04EC0-301F-11D3-BF4B-00C04F79EFBC}") = "1179. Reformat Department Table", "1179. Reformat Department Table\1179. Reformat Department Table.csproj", "{FD56F475-046A-4331-9A25-363404670454}"
EndProject
Project("{FAE04EC0-301F-11D3-BF4B-00C04F79EFBC}") = "1290. Convert Binary Number in a Linked List to Integer", "1290. Convert Binary Number in a Linked List to Integer\1290. Convert Binary Number in a Linked List to Integer.csproj", "{9358E42C-8AC1-43F4-8740-35B107302272}"
EndProject
Project("{9A19103F-16F7-4668-BE54-9A1E7A4F7556}") = "1720. Decode XORed Array", "1720. Decode XORed Array\1720. Decode XORed Array.csproj", "{38F2F663-E9D5-4A70-B29F-E289F8772E5A}"
EndProject
Project("{9A19103F-16F7-4668-BE54-9A1E7A4F7556}") = "1773. Count Items Matching a Rule", "1773. Count Items Matching a Rule\1773. Count Items Matching a Rule.csproj", "{80D4EA96-BD1E-4EA7-8678-39D969ABE27F}"
EndProject
Project("{9A19103F-16F7-4668-BE54-9A1E7A4F7556}") = "1832. Check if the Sentence Is Pangram", "1832. Check if the Sentence Is Pangram\1832. Check if the Sentence Is Pangram.csproj", "{BA9AAA11-1EFB-4E0A-BD5A-A05BCE16022E}"
EndProject
Project("{9A19103F-16F7-4668-BE54-9A1E7A4F7556}") = "1588. Sum of All Odd Length Subarrays", "1588. Sum of All Odd Length Subarrays\1588. Sum of All Odd Length Subarrays.csproj", "{29A83252-D31D-443E-87D3-BACD0706B5D9}"
EndProject
Project("{9A19103F-16F7-4668-BE54-9A1E7A4F7556}") = "1844. Replace All Digits with Characters", "1844. Replace All Digits with Characters\1844. Replace All Digits with Characters.csproj", "{78FA34F5-F8E3-4FF4-8D43-A9B7D2E646A9}"
EndProject
Project("{9A19103F-16F7-4668-BE54-9A1E7A4F7556}") = "1859. Sorting the Sentence", "1859. Sorting the Sentence\1859. Sorting the Sentence.csproj", "{3362C876-0C0D-4F1E-94E8-48288873D6BA}"
EndProject
Project("{9A19103F-16F7-4668-BE54-9A1E7A4F7556}") = "709. To Lower Case", "709. To Lower Case\709. To Lower Case.csproj", "{2B0D2DED-9E41-4B4E-AE0F-BF09DD4DA8EA}"
EndProject
Project("{9A19103F-16F7-4668-BE54-9A1E7A4F7556}") = "1534. Count Good Triplets", "1534. Count Good Triplets\1534. Count Good Triplets.csproj", "{82D96710-C704-4638-B051-0E03FF2C44F9}"
EndProject
Project("{9A19103F-16F7-4668-BE54-9A1E7A4F7556}") = "1732. Find the Highest Altitude", "1732. Find the Highest Altitude\1732. Find the Highest Altitude.csproj", "{62DA84E0-E1B2-4A13-9D6A-BC7C99202E85}"
EndProject
Project("{9A19103F-16F7-4668-BE54-9A1E7A4F7556}") = "1816. Truncate Sentence", "1816. Truncate Sentence\1816. Truncate Sentence.csproj", "{8561D063-92FF-4D59-B5C0-39D3D8F53083}"
EndProject
Project("{9A19103F-16F7-4668-BE54-9A1E7A4F7556}") = "1021. Remove Outermost Parentheses", "1021. Remove Outermost Parentheses\1021. Remove Outermost Parentheses.csproj", "{61766F5E-25A9-462A-82E6-3C943083A95E}"
EndProject
Project("{9A19103F-16F7-4668-BE54-9A1E7A4F7556}") = "1266. Minimum Time Visiting All Points", "1266. Minimum Time Visiting All Points\1266. Minimum Time Visiting All Points.csproj", "{9061AE09-228F-4E9B-BA32-97B879548410}"
EndProject
Project("{9A19103F-16F7-4668-BE54-9A1E7A4F7556}") = "804. Unique Morse Code Words", "804. Unique Morse Code Words\804. Unique Morse Code Words.csproj", "{0BD40FA1-2953-47CC-9061-44EA13472C5F}"
EndProject
Project("{00D1A9C2-B5F0-4AF3-8072-F6C62B433612}") = "595. Big Countries", "595. Big Countries\595. Big Countries.sqlproj", "{919693DD-8877-4DB7-81AC-CAE0791D8113}"
EndProject
Project("{9A19103F-16F7-4668-BE54-9A1E7A4F7556}") = "1704. Determine if String Halves Are Alike", "1704. Determine if String Halves Are Alike\1704. Determine if String Halves Are Alike.csproj", "{54D996A1-76F0-4F3D-9872-0C7E4BBC06FC}"
EndProject
Project("{9A19103F-16F7-4668-BE54-9A1E7A4F7556}") = "1863. Sum of All Subset XOR Totals", "1863. Sum of All Subset XOR Totals\1863. Sum of All Subset XOR Totals.csproj", "{B778513B-82D5-46C4-B2E2-F8D2745AEC32}"
EndProject
Project("{9A19103F-16F7-4668-BE54-9A1E7A4F7556}") = "1252. Cells with Odd Values in a Matrix", "1252. Cells with Odd Values in a Matrix\1252. Cells with Odd Values in a Matrix.csproj", "{C0901DE0-1F7D-4B4E-9417-E6080060AD5D}"
EndProject
Project("{00D1A9C2-B5F0-4AF3-8072-F6C62B433612}") = "627. Swap Salary", "627. Swap Salary\627. Swap Salary.sqlproj", "{898979BE-3007-4C7C-9AAE-72837C445060}"
EndProject
Project("{9A19103F-16F7-4668-BE54-9A1E7A4F7556}") = "832. Flipping an Image", "832. Flipping an Image\832. Flipping an Image.csproj", "{3EF2E98B-ECDE-4875-BDA8-D8833461DC85}"
EndProject
Project("{9A19103F-16F7-4668-BE54-9A1E7A4F7556}") = "1827. Minimum Operations to Make the Array Increasing", "1827. Minimum Operations to Make the Array Increasing\1827. Minimum Operations to Make the Array Increasing.csproj", "{3039FB92-DF30-4F6A-A94F-5390B7C1CFD6}"
EndProject
Project("{9A19103F-16F7-4668-BE54-9A1E7A4F7556}") = "1725. Number Of Rectangles That Can Form The Largest Square", "1725. Number Of Rectangles That Can Form The Largest Square\1725. Number Of Rectangles That Can Form The Largest Square.csproj", "{30486548-F5D8-4DA3-9F04-238DF5944B0A}"
EndProject
Project("{9A19103F-16F7-4668-BE54-9A1E7A4F7556}") = "1323. Maximum 69 Number", "1323. Maximum 69 Number\1323. Maximum 69 Number.csproj", "{0CD6DB50-6E65-441D-B510-AA7B1FAA670E}"
EndProject
Project("{9A19103F-16F7-4668-BE54-9A1E7A4F7556}") = "1572. Matrix Diagonal Sum", "1572. Matrix Diagonal Sum\1572. Matrix Diagonal Sum.csproj", "{2F68858D-3C92-48C0-AADE-FAE050996595}"
EndProject
Project("{9A19103F-16F7-4668-BE54-9A1E7A4F7556}") = "1309. Decrypt String from Alphabet to Integer Mapping", "1309. Decrypt String from Alphabet to Integer Mapping\1309. Decrypt String from Alphabet to Integer Mapping.csproj", "{E7BAFBD0-BF5C-40E6-ABA7-A40EEC33DE72}"
EndProject
Project("{9A19103F-16F7-4668-BE54-9A1E7A4F7556}") = "1812. Determine Color of a Chessboard Square", "1812. Determine Color of a Chessboard Square\1812. Determine Color of a Chessboard Square.csproj", "{AC82F390-DA79-4C0B-ACC1-71CD3C4C4C58}"
EndProject
Project("{9A19103F-16F7-4668-BE54-9A1E7A4F7556}") = "1370. Increasing Decreasing String", "1370. Increasing Decreasing String\1370. Increasing Decreasing String.csproj", "{9C9E7443-3448-40A3-BEC8-4B1BB709BF52}"
EndProject
Project("{9A19103F-16F7-4668-BE54-9A1E7A4F7556}") = "1436. Destination City", "1436. Destination City\1436. Destination City.csproj", "{9D21D16E-4EC5-45A9-8582-28CC23E5EE2C}"
EndProject
Project("{9A19103F-16F7-4668-BE54-9A1E7A4F7556}") = "1464. Maximum Product of Two Elements in an Array", "1464. Maximum Product of Two Elements in an Array\1464. Maximum Product of Two Elements in an Array.csproj", "{3D7E4329-35B5-4DFB-B1E1-E36BB380F0F2}"
EndProject
Project("{9A19103F-16F7-4668-BE54-9A1E7A4F7556}") = "1374. Generate a String With Characters That Have Odd Counts", "1374. Generate a String With Characters That Have Odd Counts\1374. Generate a String With Characters That Have Odd Counts.csproj", "{11E250B9-96FF-4941-BE70-E0AFC326BDE8}"
EndProject
Project("{9A19103F-16F7-4668-BE54-9A1E7A4F7556}") = "1450. Number of Students Doing Homework at a Given Time", "1450. Number of Students Doing Homework at a Given Time\1450. Number of Students Doing Homework at a Given Time.csproj", "{77DF7764-6252-42EA-8D80-09399C2AFCB7}"
EndProject
Project("{9A19103F-16F7-4668-BE54-9A1E7A4F7556}") = "1304. Find N Unique Integers Sum up to Zero", "1304. Find N Unique Integers Sum up to Zero\1304. Find N Unique Integers Sum up to Zero.csproj", "{AD5E5A44-08FC-43A6-9858-8C16622F90AC}"
EndProject
Project("{9A19103F-16F7-4668-BE54-9A1E7A4F7556}") = "617. Merge Two Binary Trees", "617. Merge Two Binary Trees\617. Merge Two Binary Trees.csproj", "{A67AF0A6-4EBA-4AF9-B004-416A39D82B7B}"
EndProject
Project("{9A19103F-16F7-4668-BE54-9A1E7A4F7556}") = "1351. Count Negative Numbers in a Sorted Matrix", "1351. Count Negative Numbers in a Sorted Matrix\1351. Count Negative Numbers in a Sorted Matrix.csproj", "{A5C335F5-C86B-4801-89CC-80CD45F7B521}"
EndProject
Project("{9A19103F-16F7-4668-BE54-9A1E7A4F7556}") = "1880. Check if Word Equals Summation of Two Words", "1880. Check if Word Equals Summation of Two Words\1880. Check if Word Equals Summation of Two Words.csproj", "{B32220CC-E441-4137-AD75-A7045D46F217}"
EndProject
Project("{9A19103F-16F7-4668-BE54-9A1E7A4F7556}") = "728. Self Dividing Numbers", "728. Self Dividing Numbers\728. Self Dividing Numbers.csproj", "{6E825F5B-1886-43DB-A5B0-2206DE3F96B4}"
EndProject
Project("{9A19103F-16F7-4668-BE54-9A1E7A4F7556}") = "905. Sort Array By Parity", "905. Sort Array By Parity\905. Sort Array By Parity.csproj", "{C3C2E4A7-205C-4950-A2C5-3627409D9AAA}"
EndProject
Project("{9A19103F-16F7-4668-BE54-9A1E7A4F7556}") = "961. N-Repeated Element in Size 2N Array", "961. N-Repeated Element in Size 2N Array\961. N-Repeated Element in Size 2N Array.csproj", "{9BAED004-57EF-4EF7-8458-BA15CC2F952A}"
EndProject
Project("{9A19103F-16F7-4668-BE54-9A1E7A4F7556}") = "1837. Sum of Digits in Base K", "1837. Sum of Digits in Base K\1837. Sum of Digits in Base K.csproj", "{A91B20AB-C57E-4F5E-BFC5-6BDAF928DEB7}"
EndProject
Project("{9A19103F-16F7-4668-BE54-9A1E7A4F7556}") = "1475. Final Prices With a Special Discount in a Shop", "1475. Final Prices With a Special Discount in a Shop\1475. Final Prices With a Special Discount in a Shop.csproj", "{57B83F0F-D5D7-4AFE-937D-761BE67E9A5A}"
EndProject
Project("{9A19103F-16F7-4668-BE54-9A1E7A4F7556}") = "1748. Sum of Unique Elements", "1748. Sum of Unique Elements\1748. Sum of Unique Elements.csproj", "{D4101DAA-0DB4-4E0A-958A-A54E4ADF9270}"
EndProject
Project("{9A19103F-16F7-4668-BE54-9A1E7A4F7556}") = "1299. Replace Elements with Greatest Element on Right Side", "1299. Replace Elements with Greatest Element on Right Side\1299. Replace Elements with Greatest Element on Right Side.csproj", "{70CEFC9C-6F0F-4234-BECD-44FAA09CA9FD}"
EndProject
Project("{9A19103F-16F7-4668-BE54-9A1E7A4F7556}") = "1768. Merge Strings Alternately", "1768. Merge Strings Alternately\1768. Merge Strings Alternately.csproj", "{32325016-C8C6-48A3-8E16-6543A72D2D73}"
EndProject
Project("{9A19103F-16F7-4668-BE54-9A1E7A4F7556}") = "561. Array Partition I", "561. Array Partition I\561. Array Partition I.csproj", "{FF02876E-032E-4E1E-A804-B973105015AC}"
EndProject
Project("{9A19103F-16F7-4668-BE54-9A1E7A4F7556}") = "589. N-ary Tree Preorder Traversal", "589. N-ary Tree Preorder Traversal\589. N-ary Tree Preorder Traversal.csproj", "{F21CE8BA-4150-402C-9B10-1C221D33BC4E}"
EndProject
Project("{9A19103F-16F7-4668-BE54-9A1E7A4F7556}") = "590. N-ary Tree Postorder Traversal", "590. N-ary Tree Postorder Traversal\590. N-ary Tree Postorder Traversal.csproj", "{4FC7C1A4-A674-44C8-BA46-AA63C78E7F89}"
EndProject
Project("{9A19103F-16F7-4668-BE54-9A1E7A4F7556}") = "1460. Make Two Arrays Equal by Reversing Sub-arrays", "1460. Make Two Arrays Equal by Reversing Sub-arrays\1460. Make Two Arrays Equal by Reversing Sub-arrays.csproj", "{05BC4B39-EC0F-4F23-A429-DEC9EEB09D58}"
EndProject
Project("{9A19103F-16F7-4668-BE54-9A1E7A4F7556}") = "1207. Unique Number of Occurrences", "1207. Unique Number of Occurrences\1207. Unique Number of Occurrences.csproj", "{01F9FE84-2E3D-4A2C-B3C9-DD70DC4220EF}"
EndProject
Project("{9A19103F-16F7-4668-BE54-9A1E7A4F7556}") = "811. Subdomain Visit Count", "811. Subdomain Visit Count\811. Subdomain Visit Count.csproj", "{7FE3A79C-73C1-4A29-B870-35C5C1C02D86}"
EndProject
Project("{9A19103F-16F7-4668-BE54-9A1E7A4F7556}") = "461. Hamming Distance", "461. Hamming Distance\461. Hamming Distance.csproj", "{C61B2659-13D7-48FE-8B5E-CD4945537B47}"
EndProject
Project("{9A19103F-16F7-4668-BE54-9A1E7A4F7556}") = "1742. Maximum Number of Balls in a Box", "1742. Maximum Number of Balls in a Box\1742. Maximum Number of Balls in a Box.csproj", "{32AE169D-E57E-4695-B57B-FE575296E868}"
EndProject
Project("{9A19103F-16F7-4668-BE54-9A1E7A4F7556}") = "933. Number of Recent Calls", "933. Number of Recent Calls\933. Number of Recent Calls.csproj", "{03F1D114-B779-402F-A2AA-996023759312}"
EndProject
Project("{9A19103F-16F7-4668-BE54-9A1E7A4F7556}") = "1051. Height Checker", "1051. Height Checker\1051. Height Checker.csproj", "{E79A63ED-FCFA-4F6E-B17D-D87AE0A4AB62}"
EndProject
Project("{9A19103F-16F7-4668-BE54-9A1E7A4F7556}") = "344. Reverse String", "344. Reverse String\344. Reverse String.csproj", "{E05F25A7-77AA-46DB-9533-9BDEC5C6C5C0}"
EndProject
Project("{9A19103F-16F7-4668-BE54-9A1E7A4F7556}") = "541. Reverse String II", "541. Reverse String II\541. Reverse String II.csproj", "{CC1BB9BF-CDB5-4E23-87ED-561726310DBA}"
EndProject
Project("{9A19103F-16F7-4668-BE54-9A1E7A4F7556}") = "557. Reverse Words in a String III", "557. Reverse Words in a String III\557. Reverse Words in a String III.csproj", "{663B2C44-0A4A-44A3-AF1A-8E8E58B8215D}"
EndProject
Project("{9A19103F-16F7-4668-BE54-9A1E7A4F7556}") = "1337. The K Weakest Rows in a Matrix", "1337. The K Weakest Rows in a Matrix\1337. The K Weakest Rows in a Matrix.csproj", "{A77175D0-23F9-4548-9EAB-8562FA9A8776}"
EndProject
Project("{9A19103F-16F7-4668-BE54-9A1E7A4F7556}") = "1403. Minimum Subsequence in Non-Increasing Order", "1403. Minimum Subsequence in Non-Increasing Order\1403. Minimum Subsequence in Non-Increasing Order.csproj", "{190EE5F8-21DA-41E4-9541-342FDD77496E}"
EndProject
Project("{9A19103F-16F7-4668-BE54-9A1E7A4F7556}") = "1022. Sum of Root To Leaf Binary Numbers", "1022. Sum of Root To Leaf Binary Numbers\1022. Sum of Root To Leaf Binary Numbers.csproj", "{70740E59-E26F-47E4-A3CC-92A41B4973F6}"
EndProject
Project("{9A19103F-16F7-4668-BE54-9A1E7A4F7556}") = "852. Peak Index in a Mountain Array", "852. Peak Index in a Mountain Array\852. Peak Index in a Mountain Array.csproj", "{D04C15D8-D20E-4DD2-88C2-A7912B063054}"
EndProject
Project("{9A19103F-16F7-4668-BE54-9A1E7A4F7556}") = "977. Squares of a Sorted Array", "977. Squares of a Sorted Array\977. Squares of a Sorted Array.csproj", "{D60F1F80-D4A2-4807-8CF0-71FFFCF1F3D9}"
EndProject
Project("{9A19103F-16F7-4668-BE54-9A1E7A4F7556}") = "1047. Remove All Adjacent Duplicates In String", "1047. Remove All Adjacent Duplicates In String\1047. Remove All Adjacent Duplicates In String.csproj", "{6763AAB6-EC00-4ABC-B670-F6F88E295918}"
EndProject
Project("{9A19103F-16F7-4668-BE54-9A1E7A4F7556}") = "338. Counting Bits", "338. Counting Bits\338. Counting Bits.csproj", "{09564222-B719-41E1-AD9E-4E53C0647A81}"
EndProject
Project("{9A19103F-16F7-4668-BE54-9A1E7A4F7556}") = "1217. Minimum Cost to Move Chips to The Same Position", "1217. Minimum Cost to Move Chips to The Same Position\1217. Minimum Cost to Move Chips to The Same Position.csproj", "{C3E9F37E-3D6B-4FF2-A9C5-42676F52176F}"
EndProject
Project("{9A19103F-16F7-4668-BE54-9A1E7A4F7556}") = "922. Sort Array By Parity II", "922. Sort Array By Parity II\922. Sort Array By Parity II.csproj", "{503E2D79-727C-4C07-BC83-54F402CBE943}"
EndProject
Project("{00D1A9C2-B5F0-4AF3-8072-F6C62B433612}") = "620. Not Boring Movies", "620. Not Boring Movies\620. Not Boring Movies.sqlproj", "{0B400774-6CF7-4F2A-95A0-9F8A69AB1446}"
EndProject
Project("{9A19103F-16F7-4668-BE54-9A1E7A4F7556}") = "944. Delete Columns to Make Sorted", "944. Delete Columns to Make Sorted\944. Delete Columns to Make Sorted.csproj", "{7157C504-859D-4ED3-8B43-3C340E5A1D29}"
EndProject
Project("{9A19103F-16F7-4668-BE54-9A1E7A4F7556}") = "1356. Sort Integers by The Number of 1 Bits", "1356. Sort Integers by The Number of 1 Bits\1356. Sort Integers by The Number of 1 Bits.csproj", "{88DB01AA-0A60-4E69-825B-172247D034A0}"
EndProject
Project("{9A19103F-16F7-4668-BE54-9A1E7A4F7556}") = "1502. Can Make Arithmetic Progression From Sequence", "1502. Can Make Arithmetic Progression From Sequence\1502. Can Make Arithmetic Progression From Sequence.csproj", "{AC1B24CA-A0C3-4A28-BE3B-62BF317687F6}"
EndProject
Project("{9A19103F-16F7-4668-BE54-9A1E7A4F7556}") = "1380. Lucky Numbers in a Matrix", "1380. Lucky Numbers in a Matrix\1380. Lucky Numbers in a Matrix.csproj", "{DF8AB881-D5B6-4E21-AEC6-3CD422CD55FC}"
EndProject
Project("{9A19103F-16F7-4668-BE54-9A1E7A4F7556}") = "1441. Build an Array With Stack Operations", "1441. Build an Array With Stack Operations\1441. Build an Array With Stack Operations.csproj", "{729146D9-3C3A-4AA8-940A-2952C006A259}"
EndProject
Project("{9A19103F-16F7-4668-BE54-9A1E7A4F7556}") = "1710. Maximum Units on a Truck", "1710. Maximum Units on a Truck\1710. Maximum Units on a Truck.csproj", "{374EE65E-4898-425D-AC26-D8D72D34C098}"
EndProject
Project("{9A19103F-16F7-4668-BE54-9A1E7A4F7556}") = "821. Shortest Distance to a Character", "821. Shortest Distance to a Character\821. Shortest Distance to a Character.csproj", "{A836E266-0708-46E4-877C-5431B71EF18C}"
EndProject
Project("{9A19103F-16F7-4668-BE54-9A1E7A4F7556}") = "893. Groups of Special-Equivalent Strings", "893. Groups of Special-Equivalent Strings\893. Groups of Special-Equivalent Strings.csproj", "{3D9E5795-197F-49BB-975F-64519998F715}"
EndProject
Project("{9A19103F-16F7-4668-BE54-9A1E7A4F7556}") = "559. Maximum Depth of N-ary Tree", "559. Maximum Depth of N-ary Tree\559. Maximum Depth of N-ary Tree.csproj", "{871F5826-F178-4F5F-BBB1-E1D5BB7BB7B8}"
EndProject
Project("{9A19103F-16F7-4668-BE54-9A1E7A4F7556}") = "876. Middle of the Linked List", "876. Middle of the Linked List\876. Middle of the Linked List.csproj", "{7A03AD35-F59D-46D6-8801-67540BC4EE6C}"
EndProject
Project("{9A19103F-16F7-4668-BE54-9A1E7A4F7556}") = "1913. Maximum Product Difference Between Two Pairs", "1913. Maximum Product Difference Between Two Pairs\1913. Maximum Product Difference Between Two Pairs.csproj", "{A0697CBD-7B77-428D-8C0B-B2671F1D6CFE}"
EndProject
Project("{9A19103F-16F7-4668-BE54-9A1E7A4F7556}") = "1791. Find Center of Star Graph", "1791. Find Center of Star Graph\1791. Find Center of Star Graph.csproj", "{7DD61FB0-EFCF-43B6-82ED-2B3367693D0D}"
EndProject
Project("{9A19103F-16F7-4668-BE54-9A1E7A4F7556}") = "104. Maximum Depth of Binary Tree", "104. Maximum Depth of Binary Tree\104. Maximum Depth of Binary Tree.csproj", "{F76731F3-FD7B-4E78-845F-7FA9BB9E60A2}"
EndProject
Project("{9A19103F-16F7-4668-BE54-9A1E7A4F7556}") = "883. Projection Area of 3D Shapes", "883. Projection Area of 3D Shapes\883. Projection Area of 3D Shapes.csproj", "{3D28D829-2124-4C6A-9491-00B296E5F111}"
EndProject
Project("{9A19103F-16F7-4668-BE54-9A1E7A4F7556}") = "1002. Find Common Characters", "1002. Find Common Characters\1002. Find Common Characters.csproj", "{689DEEE3-F478-432C-86CB-BFB88D0ABE03}"
EndProject
Project("{9A19103F-16F7-4668-BE54-9A1E7A4F7556}") = "1332. Remove Palindromic Subsequences", "1332. Remove Palindromic Subsequences\1332. Remove Palindromic Subsequences.csproj", "{0B787ABA-CECB-41BF-890B-9CCAEA2F65E4}"
EndProject
Project("{9A19103F-16F7-4668-BE54-9A1E7A4F7556}") = "237. Delete Node in a Linked List", "237. Delete Node in a Linked List\237. Delete Node in a Linked List.csproj", "{786FEC52-7C71-4848-B31E-A9EE93334578}"
EndProject
Project("{9A19103F-16F7-4668-BE54-9A1E7A4F7556}") = "1030. Matrix Cells in Distance Order", "1030. Matrix Cells in Distance Order\1030. Matrix Cells in Distance Order.csproj", "{459C7484-63A6-4897-B9AC-F82C1C763D16}"
EndProject
Project("{9A19103F-16F7-4668-BE54-9A1E7A4F7556}") = "226. Invert Binary Tree", "226. Invert Binary Tree\226. Invert Binary Tree.csproj", "{5774D8B9-0FE9-4F21-8456-4BF62C2D95CC}"
EndProject
Project("{9A19103F-16F7-4668-BE54-9A1E7A4F7556}") = "965. Univalued Binary Tree", "965. Univalued Binary Tree\965. Univalued Binary Tree.csproj", "{5D3721A5-5221-4474-B45B-30FDF2EF298D}"
EndProject
Project("{9A19103F-16F7-4668-BE54-9A1E7A4F7556}") = "1876. Substrings of Size Three with Distinct Characters", "1876. Substrings of Size Three with Distinct Characters\1876. Substrings of Size Three with Distinct Characters.csproj", "{09DD3B64-1C8F-4AD0-B0D5-F4236831FD5E}"
EndProject
Project("{9A19103F-16F7-4668-BE54-9A1E7A4F7556}") = "682. Baseball Game", "682. Baseball Game\682. Baseball Game.csproj", "{83B9E1D8-8CCF-47AF-803C-C109C8533697}"
EndProject
Project("{9A19103F-16F7-4668-BE54-9A1E7A4F7556}") = "1122. Relative Sort Array", "1122. Relative Sort Array\1122. Relative Sort Array.csproj", "{B40D89B6-A8AD-4542-B58A-74D8B9507D5E}"
EndProject
Project("{9A19103F-16F7-4668-BE54-9A1E7A4F7556}") = "1160. Find Words That Can Be Formed by Characters", "1160. Find Words That Can Be Formed by Characters\1160. Find Words That Can Be Formed by Characters.csproj", "{8D2BC274-E4F1-4D4B-8879-05703B6906D8}"
EndProject
Project("{9A19103F-16F7-4668-BE54-9A1E7A4F7556}") = "1491. Average Salary Excluding the Minimum and Maximum Salary", "1491. Average Salary Excluding the Minimum and Maximum Salary\1491. Average Salary Excluding the Minimum and Maximum Salary.csproj", "{E54DCA1D-68FC-41CC-A988-E86948C8CA9F}"
EndProject
Project("{9A19103F-16F7-4668-BE54-9A1E7A4F7556}") = "509. Fibonacci Number", "509. Fibonacci Number\509. Fibonacci Number.csproj", "{AD3D060B-FE18-424A-BF94-BC24FCF20D07}"
EndProject
Project("{9A19103F-16F7-4668-BE54-9A1E7A4F7556}") = "999. Available Captures for Rook", "999. Available Captures for Rook\999. Available Captures for Rook.csproj", "{7F506E20-6444-46BE-80B5-157A70850671}"
EndProject
Project("{9A19103F-16F7-4668-BE54-9A1E7A4F7556}") = "1700. Number of Students Unable to Eat Lunch", "1700. Number of Students Unable to Eat Lunch\1700. Number of Students Unable to Eat Lunch.csproj", "{F2B6FBA1-749B-49C8-8150-244822B439CC}"
EndProject
Project("{9A19103F-16F7-4668-BE54-9A1E7A4F7556}") = "1114. Print in Order", "1114. Print in Order\1114. Print in Order.csproj", "{4F31C6CA-5B4D-47A1-BA4F-A7AA51A21431}"
EndProject
Project("{9A19103F-16F7-4668-BE54-9A1E7A4F7556}") = "94. Binary Tree Inorder Traversal", "94. Binary Tree Inorder Traversal\94. Binary Tree Inorder Traversal.csproj", "{D37B39C4-2F23-44D1-8673-8BE5390E58DF}"
EndProject
Project("{9A19103F-16F7-4668-BE54-9A1E7A4F7556}") = "1636. Sort Array by Increasing Frequency", "1636. Sort Array by Increasing Frequency\1636. Sort Array by Increasing Frequency.csproj", "{F9CA802E-4288-42D3-91AC-E8A178A90DDF}"
EndProject
Project("{9A19103F-16F7-4668-BE54-9A1E7A4F7556}") = "463. Island Perimeter", "463. Island Perimeter\463. Island Perimeter.csproj", "{838CF7A8-AD85-402F-AD47-791754D46E0D}"
EndProject
Project("{9A19103F-16F7-4668-BE54-9A1E7A4F7556}") = "929. Unique Email Addresses", "929. Unique Email Addresses\929. Unique Email Addresses.csproj", "{F99CA73C-0773-4418-B6BD-865A1F493379}"
EndProject
Project("{9A19103F-16F7-4668-BE54-9A1E7A4F7556}") = "1200. Minimum Absolute Difference", "1200. Minimum Absolute Difference\1200. Minimum Absolute Difference.csproj", "{EC3035FF-F767-4396-9F72-2072471D856A}"
EndProject
Project("{9A19103F-16F7-4668-BE54-9A1E7A4F7556}") = "136. Single Number", "136. Single Number\136. Single Number.csproj", "{2871BBF6-689A-4DB8-A29D-7253FE99A9BF}"
EndProject
Project("{9A19103F-16F7-4668-BE54-9A1E7A4F7556}") = "1920. Build Array from Permutation", "1920. Build Array from Permutation\1920. Build Array from Permutation.csproj", "{64FE6B2D-392D-4B8B-9C5F-17EA7701E705}"
EndProject
Project("{9A19103F-16F7-4668-BE54-9A1E7A4F7556}") = "824. Goat Latin", "824. Goat Latin\824. Goat Latin.csproj", "{7B28879E-FB5E-4A9E-8EDE-2A0F9B86C8EA}"
EndProject
Project("{9A19103F-16F7-4668-BE54-9A1E7A4F7556}") = "1779. Find Nearest Point That Has the Same X or Y Coordinate", "1779. Find Nearest Point That Has the Same X or Y Coordinate\1779. Find Nearest Point That Has the Same X or Y Coordinate.csproj", "{96553B41-F0F6-4AC7-AFC0-1208452DF577}"
EndProject
Project("{9A19103F-16F7-4668-BE54-9A1E7A4F7556}") = "206. Reverse Linked List", "206. Reverse Linked List\206. Reverse Linked List.csproj", "{0C38DD4B-D7CD-48F1-A274-A82647AFFA2D}"
EndProject
Project("{9A19103F-16F7-4668-BE54-9A1E7A4F7556}") = "637. Average of Levels in Binary Tree", "637. Average of Levels in Binary Tree\637. Average of Levels in Binary Tree.csproj", "{CADA442A-41B0-4B68-ACB3-10BA028D77CE}"
EndProject
Project("{9A19103F-16F7-4668-BE54-9A1E7A4F7556}") = "496. Next Greater Element I", "496. Next Greater Element I\496. Next Greater Element I.csproj", "{8EBEC869-150B-4253-89E5-F274C3FD78B8}"
EndProject
Project("{9A19103F-16F7-4668-BE54-9A1E7A4F7556}") = "1385. Find the Distance Value Between Two Arrays", "1385. Find the Distance Value Between Two Arrays\1385. Find the Distance Value Between Two Arrays.csproj", "{2BB50C83-C011-4DFA-8208-1BFDEE9B8A02}"
EndProject
Project("{9A19103F-16F7-4668-BE54-9A1E7A4F7556}") = "908. Smallest Range I", "908. Smallest Range I\908. Smallest Range I.csproj", "{93500148-86AF-4368-9E91-5ACA6E8FC32B}"
EndProject
Project("{9A19103F-16F7-4668-BE54-9A1E7A4F7556}") = "500. Keyboard Row", "500. Keyboard Row\500. Keyboard Row.csproj", "{CF343238-564D-4F84-9C54-FDD0DE0F5D9E}"
EndProject
Project("{9A19103F-16F7-4668-BE54-9A1E7A4F7556}") = "349. Intersection of Two Arrays", "349. Intersection of Two Arrays\349. Intersection of Two Arrays.csproj", "{EE54D9EB-8E6A-489E-A412-925C01142CB3}"
EndProject
Project("{9A19103F-16F7-4668-BE54-9A1E7A4F7556}") = "1025. Divisor Game", "1025. Divisor Game\1025. Divisor Game.csproj", "{D5C941FA-A5A6-466C-88E4-764C419EF6F1}"
EndProject
Project("{00D1A9C2-B5F0-4AF3-8072-F6C62B433612}") = "182. Duplicate Emails", "182. Duplicate Emails\182. Duplicate Emails.sqlproj", "{BF60579C-E42D-4D06-A211-6705C2F9A3E5}"
EndProject
Project("{9A19103F-16F7-4668-BE54-9A1E7A4F7556}") = "766. Toeplitz Matrix", "766. Toeplitz Matrix\766. Toeplitz Matrix.csproj", "{7492E779-CCA6-4E17-AA6E-E57D19B5F7EF}"
EndProject
Project("{00D1A9C2-B5F0-4AF3-8072-F6C62B433612}") = "175. Combine Two Tables", "175. Combine Two Tables\175. Combine Two Tables.sqlproj", "{ED61ED70-EC7A-41FF-ABF2-A646C6D8BE92}"
EndProject
Project("{9A19103F-16F7-4668-BE54-9A1E7A4F7556}") = "806. Number of Lines To Write String", "806. Number of Lines To Write String\806. Number of Lines To Write String.csproj", "{6685702E-6D18-447A-9C31-0CEC23B33F38}"
EndProject
Project("{9A19103F-16F7-4668-BE54-9A1E7A4F7556}") = "1413. Minimum Value to Get Positive Step by Step Sum", "1413. Minimum Value to Get Positive Step by Step Sum\1413. Minimum Value to Get Positive Step by Step Sum.csproj", "{05AA5709-DD02-49D0-8720-55C66C8248CC}"
EndProject
Project("{9A19103F-16F7-4668-BE54-9A1E7A4F7556}") = "1399. Count Largest Group", "1399. Count Largest Group\1399. Count Largest Group.csproj", "{0DD78F69-AD78-48F3-AEBA-F83A05975CA1}"
EndProject
Project("{9A19103F-16F7-4668-BE54-9A1E7A4F7556}") = "476. Number Complement", "476. Number Complement\476. Number Complement.csproj", "{6E35E5C3-6A1A-4B66-9D34-1088F6408948}"
EndProject
Project("{9A19103F-16F7-4668-BE54-9A1E7A4F7556}") = "762. Prime Number of Set Bits in Binary Representation", "762. Prime Number of Set Bits in Binary Representation\762. Prime Number of Set Bits in Binary Representation.csproj", "{1742AD7E-726E-4C06-82BB-EEC8B68712DE}"
EndProject
Project("{9A19103F-16F7-4668-BE54-9A1E7A4F7556}") = "1694. Reformat Phone Number", "1694. Reformat Phone Number\1694. Reformat Phone Number.csproj", "{D47C8D50-6685-465D-8931-99B6AC951DC7}"
EndProject
Project("{9A19103F-16F7-4668-BE54-9A1E7A4F7556}") = "1929. Concatenation of Array", "1929. Concatenation of Array\1929. Concatenation of Array.csproj", "{6AFF28C4-6640-437E-B70E-2879007067FE}"
EndProject
Project("{9A19103F-16F7-4668-BE54-9A1E7A4F7556}") = "1822. Sign of the Product of an Array", "1822. Sign of the Product of an Array\1822. Sign of the Product of an Array.csproj", "{0F0BC981-3CCD-4B9D-AA65-7E945858D3D6}"
EndProject
Project("{9A19103F-16F7-4668-BE54-9A1E7A4F7556}") = "1078. Occurrences After Bigram", "1078. Occurrences After Bigram\1078. Occurrences After Bigram.csproj", "{3C4E1BB8-1A3C-48AD-BE03-87A2F37349CB}"
EndProject
Project("{9A19103F-16F7-4668-BE54-9A1E7A4F7556}") = "575. Distribute Candies", "575. Distribute Candies\575. Distribute Candies.csproj", "{5953B726-AC00-42B4-BD9A-296A38830A6F}"
EndProject
Project("{9A19103F-16F7-4668-BE54-9A1E7A4F7556}") = "1455. Check If a Word Occurs As a Prefix of Any Word in a Sentence", "1455. Check If a Word Occurs As a Prefix of Any Word in a Sentence\1455. Check If a Word Occurs As a Prefix of Any Word in a Sentence.csproj", "{1B7B51B7-B08E-4CAE-B25E-8D4361AC4A00}"
EndProject
Project("{9A19103F-16F7-4668-BE54-9A1E7A4F7556}") = "1619. Mean of Array After Removing Some Elements", "1619. Mean of Array After Removing Some Elements\1619. Mean of Array After Removing Some Elements.csproj", "{1A0B6CAF-7466-47E1-B2A8-8ED92D2A1556}"
EndProject
Project("{9A19103F-16F7-4668-BE54-9A1E7A4F7556}") = "872. Leaf-Similar Trees", "872. Leaf-Similar Trees\872. Leaf-Similar Trees.csproj", "{1179DD65-2227-45E5-A7CB-3BD2CE7EF91A}"
EndProject
Project("{9A19103F-16F7-4668-BE54-9A1E7A4F7556}") = "884. Uncommon Words from Two Sentences", "884. Uncommon Words from Two Sentences\884. Uncommon Words from Two Sentences.csproj", "{60800DE5-1B2E-4024-A409-A82E11A30F7F}"
EndProject
Project("{9A19103F-16F7-4668-BE54-9A1E7A4F7556}") = "412. Fizz Buzz", "412. Fizz Buzz\412. Fizz Buzz.csproj", "{FAF2F386-AC73-497F-B1E1-FE58C721E954}"
EndProject
Project("{9A19103F-16F7-4668-BE54-9A1E7A4F7556}") = "1800. Maximum Ascending Subarray Sum", "1800. Maximum Ascending Subarray Sum\1800. Maximum Ascending Subarray Sum.csproj", "{D8F22956-5DA0-4F98-8699-149F65C2CE12}"
EndProject
Project("{9A19103F-16F7-4668-BE54-9A1E7A4F7556}") = "1582. Special Positions in a Binary Matrix", "1582. Special Positions in a Binary Matrix\1582. Special Positions in a Binary Matrix.csproj", "{F594662D-710D-4604-96A1-E5791CD7D4D7}"
EndProject
Project("{9A19103F-16F7-4668-BE54-9A1E7A4F7556}") = "1716. Calculate Money in Leetcode Bank", "1716. Calculate Money in Leetcode Bank\1716. Calculate Money in Leetcode Bank.csproj", "{25E842AF-FEF4-42B8-8F29-CF25A4D24540}"
EndProject
Project("{9A19103F-16F7-4668-BE54-9A1E7A4F7556}") = "1550. Three Consecutive Odds", "1550. Three Consecutive Odds\1550. Three Consecutive Odds.csproj", "{A6342A31-F3C8-476D-8995-119AF90F9070}"
EndProject
Project("{9A19103F-16F7-4668-BE54-9A1E7A4F7556}") = "705. Design HashSet", "705. Design HashSet\705. Design HashSet.csproj", "{E57F5EF6-CD41-41B1-A747-B2D06DC335AB}"
EndProject
Project("{9A19103F-16F7-4668-BE54-9A1E7A4F7556}") = "706. Design HashMap", "706. Design HashMap\706. Design HashMap.csproj", "{480BB498-DE62-472A-8A61-2F5A9EEFD844}"
EndProject
Project("{FAE04EC0-301F-11D3-BF4B-00C04F79EFBC}") = "1598. Crawler Log Folder", "1598. Crawler Log Folder\1598. Crawler Log Folder.csproj", "{33A6312E-BC41-40CE-8EEF-90C82768A28B}"
EndProject
Project("{FAE04EC0-301F-11D3-BF4B-00C04F79EFBC}") = "1408. String Matching in an Array", "1408. String Matching in an Array\1408. String Matching in an Array.csproj", "{B14123EF-7A31-4C9B-AB15-771E39FCE99B}"
EndProject
Project("{FAE04EC0-301F-11D3-BF4B-00C04F79EFBC}") = "1103. Distribute Candies to People", "1103. Distribute Candies to People\1103. Distribute Candies to People.csproj", "{514F58F0-EEBD-40CD-858A-6E4331471A70}"
EndProject
Project("{FAE04EC0-301F-11D3-BF4B-00C04F79EFBC}") = "1394. Find Lucky Integer in an Array", "1394. Find Lucky Integer in an Array\1394. Find Lucky Integer in an Array.csproj", "{3F9CDA1A-B2B0-4851-B490-CFB537CC98F6}"
EndProject
Project("{FAE04EC0-301F-11D3-BF4B-00C04F79EFBC}") = "1925. Count Square Sum Triples", "1925. Count Square Sum Triples\1925. Count Square Sum Triples.csproj", "{F0E31720-5924-46EF-A2A7-1A65CE429902}"
EndProject
Global
	GlobalSection(SolutionConfigurationPlatforms) = preSolution
		Debug|Any CPU = Debug|Any CPU
		Release|Any CPU = Release|Any CPU
	EndGlobalSection
	GlobalSection(ProjectConfigurationPlatforms) = postSolution
		{8AC5658F-78F7-434E-8DE1-5D8A4E32D0F3}.Debug|Any CPU.ActiveCfg = Debug|Any CPU
		{8AC5658F-78F7-434E-8DE1-5D8A4E32D0F3}.Debug|Any CPU.Build.0 = Debug|Any CPU
		{8AC5658F-78F7-434E-8DE1-5D8A4E32D0F3}.Release|Any CPU.ActiveCfg = Release|Any CPU
		{8AC5658F-78F7-434E-8DE1-5D8A4E32D0F3}.Release|Any CPU.Build.0 = Release|Any CPU
		{42421D5D-04BD-4CE9-86F7-1336095B0E14}.Debug|Any CPU.ActiveCfg = Debug|Any CPU
		{42421D5D-04BD-4CE9-86F7-1336095B0E14}.Debug|Any CPU.Build.0 = Debug|Any CPU
		{42421D5D-04BD-4CE9-86F7-1336095B0E14}.Release|Any CPU.ActiveCfg = Release|Any CPU
		{42421D5D-04BD-4CE9-86F7-1336095B0E14}.Release|Any CPU.Build.0 = Release|Any CPU
		{6BCDA98F-2EF9-4978-8177-32AAB7FCA557}.Debug|Any CPU.ActiveCfg = Debug|Any CPU
		{6BCDA98F-2EF9-4978-8177-32AAB7FCA557}.Debug|Any CPU.Build.0 = Debug|Any CPU
		{6BCDA98F-2EF9-4978-8177-32AAB7FCA557}.Release|Any CPU.ActiveCfg = Release|Any CPU
		{6BCDA98F-2EF9-4978-8177-32AAB7FCA557}.Release|Any CPU.Build.0 = Release|Any CPU
		{CB95CBF2-84D6-4F9D-880A-D0E81F14FB89}.Debug|Any CPU.ActiveCfg = Debug|Any CPU
		{CB95CBF2-84D6-4F9D-880A-D0E81F14FB89}.Debug|Any CPU.Build.0 = Debug|Any CPU
		{CB95CBF2-84D6-4F9D-880A-D0E81F14FB89}.Release|Any CPU.ActiveCfg = Release|Any CPU
		{CB95CBF2-84D6-4F9D-880A-D0E81F14FB89}.Release|Any CPU.Build.0 = Release|Any CPU
		{53D9CDB0-4139-48BF-A341-B23AA2C60B34}.Debug|Any CPU.ActiveCfg = Debug|Any CPU
		{53D9CDB0-4139-48BF-A341-B23AA2C60B34}.Debug|Any CPU.Build.0 = Debug|Any CPU
		{53D9CDB0-4139-48BF-A341-B23AA2C60B34}.Release|Any CPU.ActiveCfg = Release|Any CPU
		{53D9CDB0-4139-48BF-A341-B23AA2C60B34}.Release|Any CPU.Build.0 = Release|Any CPU
		{2A8758B0-5E69-4600-B75F-6F7F8F826D48}.Debug|Any CPU.ActiveCfg = Debug|Any CPU
		{2A8758B0-5E69-4600-B75F-6F7F8F826D48}.Debug|Any CPU.Build.0 = Debug|Any CPU
		{2A8758B0-5E69-4600-B75F-6F7F8F826D48}.Release|Any CPU.ActiveCfg = Release|Any CPU
		{2A8758B0-5E69-4600-B75F-6F7F8F826D48}.Release|Any CPU.Build.0 = Release|Any CPU
		{C812D66A-61AA-4F17-BC5E-E5593B35A165}.Debug|Any CPU.ActiveCfg = Debug|Any CPU
		{C812D66A-61AA-4F17-BC5E-E5593B35A165}.Debug|Any CPU.Build.0 = Debug|Any CPU
		{C812D66A-61AA-4F17-BC5E-E5593B35A165}.Release|Any CPU.ActiveCfg = Release|Any CPU
		{C812D66A-61AA-4F17-BC5E-E5593B35A165}.Release|Any CPU.Build.0 = Release|Any CPU
		{C368D337-8651-4664-B1D5-81E7FCE683F2}.Debug|Any CPU.ActiveCfg = Debug|Any CPU
		{C368D337-8651-4664-B1D5-81E7FCE683F2}.Debug|Any CPU.Build.0 = Debug|Any CPU
		{C368D337-8651-4664-B1D5-81E7FCE683F2}.Release|Any CPU.ActiveCfg = Release|Any CPU
		{C368D337-8651-4664-B1D5-81E7FCE683F2}.Release|Any CPU.Build.0 = Release|Any CPU
		{A21C04C1-3C06-4C88-970D-4AA918DB2A72}.Debug|Any CPU.ActiveCfg = Debug|Any CPU
		{A21C04C1-3C06-4C88-970D-4AA918DB2A72}.Debug|Any CPU.Build.0 = Debug|Any CPU
		{A21C04C1-3C06-4C88-970D-4AA918DB2A72}.Release|Any CPU.ActiveCfg = Release|Any CPU
		{A21C04C1-3C06-4C88-970D-4AA918DB2A72}.Release|Any CPU.Build.0 = Release|Any CPU
		{1C3FD86E-740D-4247-8474-37DE97A1BC42}.Debug|Any CPU.ActiveCfg = Debug|Any CPU
		{1C3FD86E-740D-4247-8474-37DE97A1BC42}.Debug|Any CPU.Build.0 = Debug|Any CPU
		{1C3FD86E-740D-4247-8474-37DE97A1BC42}.Release|Any CPU.ActiveCfg = Release|Any CPU
		{1C3FD86E-740D-4247-8474-37DE97A1BC42}.Release|Any CPU.Build.0 = Release|Any CPU
		{C6D82EA7-5296-45BA-98B2-CB91E21F2995}.Debug|Any CPU.ActiveCfg = Debug|Any CPU
		{C6D82EA7-5296-45BA-98B2-CB91E21F2995}.Debug|Any CPU.Build.0 = Debug|Any CPU
		{C6D82EA7-5296-45BA-98B2-CB91E21F2995}.Release|Any CPU.ActiveCfg = Release|Any CPU
		{C6D82EA7-5296-45BA-98B2-CB91E21F2995}.Release|Any CPU.Build.0 = Release|Any CPU
		{2DC4F322-C34F-4515-9FCA-B25A3D38D7E2}.Debug|Any CPU.ActiveCfg = Debug|Any CPU
		{2DC4F322-C34F-4515-9FCA-B25A3D38D7E2}.Debug|Any CPU.Build.0 = Debug|Any CPU
		{2DC4F322-C34F-4515-9FCA-B25A3D38D7E2}.Release|Any CPU.ActiveCfg = Release|Any CPU
		{2DC4F322-C34F-4515-9FCA-B25A3D38D7E2}.Release|Any CPU.Build.0 = Release|Any CPU
		{3AAEB639-E821-4C9D-B53C-EDCEE0710DAE}.Debug|Any CPU.ActiveCfg = Debug|Any CPU
		{3AAEB639-E821-4C9D-B53C-EDCEE0710DAE}.Debug|Any CPU.Build.0 = Debug|Any CPU
		{3AAEB639-E821-4C9D-B53C-EDCEE0710DAE}.Release|Any CPU.ActiveCfg = Release|Any CPU
		{3AAEB639-E821-4C9D-B53C-EDCEE0710DAE}.Release|Any CPU.Build.0 = Release|Any CPU
		{7D27988D-ED13-432F-9B9B-8CFC68A2DA47}.Debug|Any CPU.ActiveCfg = Debug|Any CPU
		{7D27988D-ED13-432F-9B9B-8CFC68A2DA47}.Debug|Any CPU.Build.0 = Debug|Any CPU
		{7D27988D-ED13-432F-9B9B-8CFC68A2DA47}.Release|Any CPU.ActiveCfg = Release|Any CPU
		{7D27988D-ED13-432F-9B9B-8CFC68A2DA47}.Release|Any CPU.Build.0 = Release|Any CPU
		{E6FAC8A1-C165-4CC5-910B-517E831AE5F5}.Debug|Any CPU.ActiveCfg = Debug|Any CPU
		{E6FAC8A1-C165-4CC5-910B-517E831AE5F5}.Debug|Any CPU.Build.0 = Debug|Any CPU
		{E6FAC8A1-C165-4CC5-910B-517E831AE5F5}.Release|Any CPU.ActiveCfg = Release|Any CPU
		{E6FAC8A1-C165-4CC5-910B-517E831AE5F5}.Release|Any CPU.Build.0 = Release|Any CPU
		{02959D3C-1951-4C15-8064-B3349FFB039C}.Debug|Any CPU.ActiveCfg = Debug|Any CPU
		{02959D3C-1951-4C15-8064-B3349FFB039C}.Debug|Any CPU.Build.0 = Debug|Any CPU
		{02959D3C-1951-4C15-8064-B3349FFB039C}.Release|Any CPU.ActiveCfg = Release|Any CPU
		{02959D3C-1951-4C15-8064-B3349FFB039C}.Release|Any CPU.Build.0 = Release|Any CPU
		{7C36EBF2-22B6-4032-96FA-CEA8A16B609D}.Debug|Any CPU.ActiveCfg = Debug|Any CPU
		{7C36EBF2-22B6-4032-96FA-CEA8A16B609D}.Debug|Any CPU.Build.0 = Debug|Any CPU
		{7C36EBF2-22B6-4032-96FA-CEA8A16B609D}.Release|Any CPU.ActiveCfg = Release|Any CPU
		{7C36EBF2-22B6-4032-96FA-CEA8A16B609D}.Release|Any CPU.Build.0 = Release|Any CPU
		{CF470C09-921D-496F-AFEA-9228CDA13823}.Debug|Any CPU.ActiveCfg = Debug|Any CPU
		{CF470C09-921D-496F-AFEA-9228CDA13823}.Debug|Any CPU.Build.0 = Debug|Any CPU
		{CF470C09-921D-496F-AFEA-9228CDA13823}.Release|Any CPU.ActiveCfg = Release|Any CPU
		{CF470C09-921D-496F-AFEA-9228CDA13823}.Release|Any CPU.Build.0 = Release|Any CPU
		{DB62CAB9-A7F1-4C96-B727-45C3028DCFF6}.Debug|Any CPU.ActiveCfg = Debug|Any CPU
		{DB62CAB9-A7F1-4C96-B727-45C3028DCFF6}.Debug|Any CPU.Build.0 = Debug|Any CPU
		{DB62CAB9-A7F1-4C96-B727-45C3028DCFF6}.Release|Any CPU.ActiveCfg = Release|Any CPU
		{DB62CAB9-A7F1-4C96-B727-45C3028DCFF6}.Release|Any CPU.Build.0 = Release|Any CPU
		{F387C37E-E6B6-4713-8584-8104AB1B9EA6}.Debug|Any CPU.ActiveCfg = Debug|Any CPU
		{F387C37E-E6B6-4713-8584-8104AB1B9EA6}.Debug|Any CPU.Build.0 = Debug|Any CPU
		{F387C37E-E6B6-4713-8584-8104AB1B9EA6}.Release|Any CPU.ActiveCfg = Release|Any CPU
		{F387C37E-E6B6-4713-8584-8104AB1B9EA6}.Release|Any CPU.Build.0 = Release|Any CPU
		{42222FB0-529D-495F-A240-984727BA05A1}.Debug|Any CPU.ActiveCfg = Debug|Any CPU
		{42222FB0-529D-495F-A240-984727BA05A1}.Debug|Any CPU.Build.0 = Debug|Any CPU
		{42222FB0-529D-495F-A240-984727BA05A1}.Release|Any CPU.ActiveCfg = Release|Any CPU
		{42222FB0-529D-495F-A240-984727BA05A1}.Release|Any CPU.Build.0 = Release|Any CPU
		{0A8A81B9-5643-4BCA-BC2A-F5BD8DFE4995}.Debug|Any CPU.ActiveCfg = Debug|Any CPU
		{0A8A81B9-5643-4BCA-BC2A-F5BD8DFE4995}.Debug|Any CPU.Build.0 = Debug|Any CPU
		{0A8A81B9-5643-4BCA-BC2A-F5BD8DFE4995}.Release|Any CPU.ActiveCfg = Release|Any CPU
		{0A8A81B9-5643-4BCA-BC2A-F5BD8DFE4995}.Release|Any CPU.Build.0 = Release|Any CPU
		{CBFB2D78-6B5D-41FF-BD6B-75C5953FCC19}.Debug|Any CPU.ActiveCfg = Debug|Any CPU
		{CBFB2D78-6B5D-41FF-BD6B-75C5953FCC19}.Debug|Any CPU.Build.0 = Debug|Any CPU
		{CBFB2D78-6B5D-41FF-BD6B-75C5953FCC19}.Release|Any CPU.ActiveCfg = Release|Any CPU
		{CBFB2D78-6B5D-41FF-BD6B-75C5953FCC19}.Release|Any CPU.Build.0 = Release|Any CPU
		{6367FCAC-2396-48FC-8F47-8F428090DB7D}.Debug|Any CPU.ActiveCfg = Debug|Any CPU
		{6367FCAC-2396-48FC-8F47-8F428090DB7D}.Debug|Any CPU.Build.0 = Debug|Any CPU
		{6367FCAC-2396-48FC-8F47-8F428090DB7D}.Release|Any CPU.ActiveCfg = Release|Any CPU
		{6367FCAC-2396-48FC-8F47-8F428090DB7D}.Release|Any CPU.Build.0 = Release|Any CPU
		{365F56AB-0748-4F0E-B001-6BF88A2BD428}.Debug|Any CPU.ActiveCfg = Debug|Any CPU
		{365F56AB-0748-4F0E-B001-6BF88A2BD428}.Debug|Any CPU.Build.0 = Debug|Any CPU
		{365F56AB-0748-4F0E-B001-6BF88A2BD428}.Release|Any CPU.ActiveCfg = Release|Any CPU
		{365F56AB-0748-4F0E-B001-6BF88A2BD428}.Release|Any CPU.Build.0 = Release|Any CPU
		{548F70FD-1BD8-46D4-966C-F57E9C22215C}.Debug|Any CPU.ActiveCfg = Debug|Any CPU
		{548F70FD-1BD8-46D4-966C-F57E9C22215C}.Debug|Any CPU.Build.0 = Debug|Any CPU
		{548F70FD-1BD8-46D4-966C-F57E9C22215C}.Release|Any CPU.ActiveCfg = Release|Any CPU
		{548F70FD-1BD8-46D4-966C-F57E9C22215C}.Release|Any CPU.Build.0 = Release|Any CPU
		{D70462A3-A426-4A66-BF80-6DEE15CA72A6}.Debug|Any CPU.ActiveCfg = Debug|Any CPU
		{D70462A3-A426-4A66-BF80-6DEE15CA72A6}.Debug|Any CPU.Build.0 = Debug|Any CPU
		{D70462A3-A426-4A66-BF80-6DEE15CA72A6}.Release|Any CPU.ActiveCfg = Release|Any CPU
		{D70462A3-A426-4A66-BF80-6DEE15CA72A6}.Release|Any CPU.Build.0 = Release|Any CPU
		{4408161C-669F-4B34-8A8B-EA5F4C75157B}.Debug|Any CPU.ActiveCfg = Debug|Any CPU
		{4408161C-669F-4B34-8A8B-EA5F4C75157B}.Debug|Any CPU.Build.0 = Debug|Any CPU
		{4408161C-669F-4B34-8A8B-EA5F4C75157B}.Release|Any CPU.ActiveCfg = Release|Any CPU
		{4408161C-669F-4B34-8A8B-EA5F4C75157B}.Release|Any CPU.Build.0 = Release|Any CPU
		{FD56F475-046A-4331-9A25-363404670454}.Debug|Any CPU.ActiveCfg = Debug|Any CPU
		{FD56F475-046A-4331-9A25-363404670454}.Debug|Any CPU.Build.0 = Debug|Any CPU
		{FD56F475-046A-4331-9A25-363404670454}.Release|Any CPU.ActiveCfg = Release|Any CPU
		{FD56F475-046A-4331-9A25-363404670454}.Release|Any CPU.Build.0 = Release|Any CPU
		{9358E42C-8AC1-43F4-8740-35B107302272}.Debug|Any CPU.ActiveCfg = Debug|Any CPU
		{9358E42C-8AC1-43F4-8740-35B107302272}.Debug|Any CPU.Build.0 = Debug|Any CPU
		{9358E42C-8AC1-43F4-8740-35B107302272}.Release|Any CPU.ActiveCfg = Release|Any CPU
		{9358E42C-8AC1-43F4-8740-35B107302272}.Release|Any CPU.Build.0 = Release|Any CPU
		{38F2F663-E9D5-4A70-B29F-E289F8772E5A}.Debug|Any CPU.ActiveCfg = Debug|Any CPU
		{38F2F663-E9D5-4A70-B29F-E289F8772E5A}.Debug|Any CPU.Build.0 = Debug|Any CPU
		{38F2F663-E9D5-4A70-B29F-E289F8772E5A}.Release|Any CPU.ActiveCfg = Release|Any CPU
		{38F2F663-E9D5-4A70-B29F-E289F8772E5A}.Release|Any CPU.Build.0 = Release|Any CPU
		{80D4EA96-BD1E-4EA7-8678-39D969ABE27F}.Debug|Any CPU.ActiveCfg = Debug|Any CPU
		{80D4EA96-BD1E-4EA7-8678-39D969ABE27F}.Debug|Any CPU.Build.0 = Debug|Any CPU
		{80D4EA96-BD1E-4EA7-8678-39D969ABE27F}.Release|Any CPU.ActiveCfg = Release|Any CPU
		{80D4EA96-BD1E-4EA7-8678-39D969ABE27F}.Release|Any CPU.Build.0 = Release|Any CPU
		{BA9AAA11-1EFB-4E0A-BD5A-A05BCE16022E}.Debug|Any CPU.ActiveCfg = Debug|Any CPU
		{BA9AAA11-1EFB-4E0A-BD5A-A05BCE16022E}.Debug|Any CPU.Build.0 = Debug|Any CPU
		{BA9AAA11-1EFB-4E0A-BD5A-A05BCE16022E}.Release|Any CPU.ActiveCfg = Release|Any CPU
		{BA9AAA11-1EFB-4E0A-BD5A-A05BCE16022E}.Release|Any CPU.Build.0 = Release|Any CPU
		{29A83252-D31D-443E-87D3-BACD0706B5D9}.Debug|Any CPU.ActiveCfg = Debug|Any CPU
		{29A83252-D31D-443E-87D3-BACD0706B5D9}.Debug|Any CPU.Build.0 = Debug|Any CPU
		{29A83252-D31D-443E-87D3-BACD0706B5D9}.Release|Any CPU.ActiveCfg = Release|Any CPU
		{29A83252-D31D-443E-87D3-BACD0706B5D9}.Release|Any CPU.Build.0 = Release|Any CPU
		{78FA34F5-F8E3-4FF4-8D43-A9B7D2E646A9}.Debug|Any CPU.ActiveCfg = Debug|Any CPU
		{78FA34F5-F8E3-4FF4-8D43-A9B7D2E646A9}.Debug|Any CPU.Build.0 = Debug|Any CPU
		{78FA34F5-F8E3-4FF4-8D43-A9B7D2E646A9}.Release|Any CPU.ActiveCfg = Release|Any CPU
		{78FA34F5-F8E3-4FF4-8D43-A9B7D2E646A9}.Release|Any CPU.Build.0 = Release|Any CPU
		{3362C876-0C0D-4F1E-94E8-48288873D6BA}.Debug|Any CPU.ActiveCfg = Debug|Any CPU
		{3362C876-0C0D-4F1E-94E8-48288873D6BA}.Debug|Any CPU.Build.0 = Debug|Any CPU
		{3362C876-0C0D-4F1E-94E8-48288873D6BA}.Release|Any CPU.ActiveCfg = Release|Any CPU
		{3362C876-0C0D-4F1E-94E8-48288873D6BA}.Release|Any CPU.Build.0 = Release|Any CPU
		{2B0D2DED-9E41-4B4E-AE0F-BF09DD4DA8EA}.Debug|Any CPU.ActiveCfg = Debug|Any CPU
		{2B0D2DED-9E41-4B4E-AE0F-BF09DD4DA8EA}.Debug|Any CPU.Build.0 = Debug|Any CPU
		{2B0D2DED-9E41-4B4E-AE0F-BF09DD4DA8EA}.Release|Any CPU.ActiveCfg = Release|Any CPU
		{2B0D2DED-9E41-4B4E-AE0F-BF09DD4DA8EA}.Release|Any CPU.Build.0 = Release|Any CPU
		{82D96710-C704-4638-B051-0E03FF2C44F9}.Debug|Any CPU.ActiveCfg = Debug|Any CPU
		{82D96710-C704-4638-B051-0E03FF2C44F9}.Debug|Any CPU.Build.0 = Debug|Any CPU
		{82D96710-C704-4638-B051-0E03FF2C44F9}.Release|Any CPU.ActiveCfg = Release|Any CPU
		{82D96710-C704-4638-B051-0E03FF2C44F9}.Release|Any CPU.Build.0 = Release|Any CPU
		{62DA84E0-E1B2-4A13-9D6A-BC7C99202E85}.Debug|Any CPU.ActiveCfg = Debug|Any CPU
		{62DA84E0-E1B2-4A13-9D6A-BC7C99202E85}.Debug|Any CPU.Build.0 = Debug|Any CPU
		{62DA84E0-E1B2-4A13-9D6A-BC7C99202E85}.Release|Any CPU.ActiveCfg = Release|Any CPU
		{62DA84E0-E1B2-4A13-9D6A-BC7C99202E85}.Release|Any CPU.Build.0 = Release|Any CPU
		{8561D063-92FF-4D59-B5C0-39D3D8F53083}.Debug|Any CPU.ActiveCfg = Debug|Any CPU
		{8561D063-92FF-4D59-B5C0-39D3D8F53083}.Debug|Any CPU.Build.0 = Debug|Any CPU
		{8561D063-92FF-4D59-B5C0-39D3D8F53083}.Release|Any CPU.ActiveCfg = Release|Any CPU
		{8561D063-92FF-4D59-B5C0-39D3D8F53083}.Release|Any CPU.Build.0 = Release|Any CPU
		{61766F5E-25A9-462A-82E6-3C943083A95E}.Debug|Any CPU.ActiveCfg = Debug|Any CPU
		{61766F5E-25A9-462A-82E6-3C943083A95E}.Debug|Any CPU.Build.0 = Debug|Any CPU
		{61766F5E-25A9-462A-82E6-3C943083A95E}.Release|Any CPU.ActiveCfg = Release|Any CPU
		{61766F5E-25A9-462A-82E6-3C943083A95E}.Release|Any CPU.Build.0 = Release|Any CPU
		{9061AE09-228F-4E9B-BA32-97B879548410}.Debug|Any CPU.ActiveCfg = Debug|Any CPU
		{9061AE09-228F-4E9B-BA32-97B879548410}.Debug|Any CPU.Build.0 = Debug|Any CPU
		{9061AE09-228F-4E9B-BA32-97B879548410}.Release|Any CPU.ActiveCfg = Release|Any CPU
		{9061AE09-228F-4E9B-BA32-97B879548410}.Release|Any CPU.Build.0 = Release|Any CPU
		{0BD40FA1-2953-47CC-9061-44EA13472C5F}.Debug|Any CPU.ActiveCfg = Debug|Any CPU
		{0BD40FA1-2953-47CC-9061-44EA13472C5F}.Debug|Any CPU.Build.0 = Debug|Any CPU
		{0BD40FA1-2953-47CC-9061-44EA13472C5F}.Release|Any CPU.ActiveCfg = Release|Any CPU
		{0BD40FA1-2953-47CC-9061-44EA13472C5F}.Release|Any CPU.Build.0 = Release|Any CPU
		{919693DD-8877-4DB7-81AC-CAE0791D8113}.Debug|Any CPU.ActiveCfg = Debug|Any CPU
		{919693DD-8877-4DB7-81AC-CAE0791D8113}.Debug|Any CPU.Build.0 = Debug|Any CPU
		{919693DD-8877-4DB7-81AC-CAE0791D8113}.Debug|Any CPU.Deploy.0 = Debug|Any CPU
		{919693DD-8877-4DB7-81AC-CAE0791D8113}.Release|Any CPU.ActiveCfg = Release|Any CPU
		{919693DD-8877-4DB7-81AC-CAE0791D8113}.Release|Any CPU.Build.0 = Release|Any CPU
		{919693DD-8877-4DB7-81AC-CAE0791D8113}.Release|Any CPU.Deploy.0 = Release|Any CPU
		{54D996A1-76F0-4F3D-9872-0C7E4BBC06FC}.Debug|Any CPU.ActiveCfg = Debug|Any CPU
		{54D996A1-76F0-4F3D-9872-0C7E4BBC06FC}.Debug|Any CPU.Build.0 = Debug|Any CPU
		{54D996A1-76F0-4F3D-9872-0C7E4BBC06FC}.Release|Any CPU.ActiveCfg = Release|Any CPU
		{54D996A1-76F0-4F3D-9872-0C7E4BBC06FC}.Release|Any CPU.Build.0 = Release|Any CPU
		{B778513B-82D5-46C4-B2E2-F8D2745AEC32}.Debug|Any CPU.ActiveCfg = Debug|Any CPU
		{B778513B-82D5-46C4-B2E2-F8D2745AEC32}.Debug|Any CPU.Build.0 = Debug|Any CPU
		{B778513B-82D5-46C4-B2E2-F8D2745AEC32}.Release|Any CPU.ActiveCfg = Release|Any CPU
		{B778513B-82D5-46C4-B2E2-F8D2745AEC32}.Release|Any CPU.Build.0 = Release|Any CPU
		{C0901DE0-1F7D-4B4E-9417-E6080060AD5D}.Debug|Any CPU.ActiveCfg = Debug|Any CPU
		{C0901DE0-1F7D-4B4E-9417-E6080060AD5D}.Debug|Any CPU.Build.0 = Debug|Any CPU
		{C0901DE0-1F7D-4B4E-9417-E6080060AD5D}.Release|Any CPU.ActiveCfg = Release|Any CPU
		{C0901DE0-1F7D-4B4E-9417-E6080060AD5D}.Release|Any CPU.Build.0 = Release|Any CPU
		{898979BE-3007-4C7C-9AAE-72837C445060}.Debug|Any CPU.ActiveCfg = Debug|Any CPU
		{898979BE-3007-4C7C-9AAE-72837C445060}.Debug|Any CPU.Build.0 = Debug|Any CPU
		{898979BE-3007-4C7C-9AAE-72837C445060}.Debug|Any CPU.Deploy.0 = Debug|Any CPU
		{898979BE-3007-4C7C-9AAE-72837C445060}.Release|Any CPU.ActiveCfg = Release|Any CPU
		{898979BE-3007-4C7C-9AAE-72837C445060}.Release|Any CPU.Build.0 = Release|Any CPU
		{898979BE-3007-4C7C-9AAE-72837C445060}.Release|Any CPU.Deploy.0 = Release|Any CPU
		{3EF2E98B-ECDE-4875-BDA8-D8833461DC85}.Debug|Any CPU.ActiveCfg = Debug|Any CPU
		{3EF2E98B-ECDE-4875-BDA8-D8833461DC85}.Debug|Any CPU.Build.0 = Debug|Any CPU
		{3EF2E98B-ECDE-4875-BDA8-D8833461DC85}.Release|Any CPU.ActiveCfg = Release|Any CPU
		{3EF2E98B-ECDE-4875-BDA8-D8833461DC85}.Release|Any CPU.Build.0 = Release|Any CPU
		{3039FB92-DF30-4F6A-A94F-5390B7C1CFD6}.Debug|Any CPU.ActiveCfg = Debug|Any CPU
		{3039FB92-DF30-4F6A-A94F-5390B7C1CFD6}.Debug|Any CPU.Build.0 = Debug|Any CPU
		{3039FB92-DF30-4F6A-A94F-5390B7C1CFD6}.Release|Any CPU.ActiveCfg = Release|Any CPU
		{3039FB92-DF30-4F6A-A94F-5390B7C1CFD6}.Release|Any CPU.Build.0 = Release|Any CPU
		{30486548-F5D8-4DA3-9F04-238DF5944B0A}.Debug|Any CPU.ActiveCfg = Debug|Any CPU
		{30486548-F5D8-4DA3-9F04-238DF5944B0A}.Debug|Any CPU.Build.0 = Debug|Any CPU
		{30486548-F5D8-4DA3-9F04-238DF5944B0A}.Release|Any CPU.ActiveCfg = Release|Any CPU
		{30486548-F5D8-4DA3-9F04-238DF5944B0A}.Release|Any CPU.Build.0 = Release|Any CPU
		{0CD6DB50-6E65-441D-B510-AA7B1FAA670E}.Debug|Any CPU.ActiveCfg = Debug|Any CPU
		{0CD6DB50-6E65-441D-B510-AA7B1FAA670E}.Debug|Any CPU.Build.0 = Debug|Any CPU
		{0CD6DB50-6E65-441D-B510-AA7B1FAA670E}.Release|Any CPU.ActiveCfg = Release|Any CPU
		{0CD6DB50-6E65-441D-B510-AA7B1FAA670E}.Release|Any CPU.Build.0 = Release|Any CPU
		{2F68858D-3C92-48C0-AADE-FAE050996595}.Debug|Any CPU.ActiveCfg = Debug|Any CPU
		{2F68858D-3C92-48C0-AADE-FAE050996595}.Debug|Any CPU.Build.0 = Debug|Any CPU
		{2F68858D-3C92-48C0-AADE-FAE050996595}.Release|Any CPU.ActiveCfg = Release|Any CPU
		{2F68858D-3C92-48C0-AADE-FAE050996595}.Release|Any CPU.Build.0 = Release|Any CPU
		{E7BAFBD0-BF5C-40E6-ABA7-A40EEC33DE72}.Debug|Any CPU.ActiveCfg = Debug|Any CPU
		{E7BAFBD0-BF5C-40E6-ABA7-A40EEC33DE72}.Debug|Any CPU.Build.0 = Debug|Any CPU
		{E7BAFBD0-BF5C-40E6-ABA7-A40EEC33DE72}.Release|Any CPU.ActiveCfg = Release|Any CPU
		{E7BAFBD0-BF5C-40E6-ABA7-A40EEC33DE72}.Release|Any CPU.Build.0 = Release|Any CPU
		{AC82F390-DA79-4C0B-ACC1-71CD3C4C4C58}.Debug|Any CPU.ActiveCfg = Debug|Any CPU
		{AC82F390-DA79-4C0B-ACC1-71CD3C4C4C58}.Debug|Any CPU.Build.0 = Debug|Any CPU
		{AC82F390-DA79-4C0B-ACC1-71CD3C4C4C58}.Release|Any CPU.ActiveCfg = Release|Any CPU
		{AC82F390-DA79-4C0B-ACC1-71CD3C4C4C58}.Release|Any CPU.Build.0 = Release|Any CPU
		{9C9E7443-3448-40A3-BEC8-4B1BB709BF52}.Debug|Any CPU.ActiveCfg = Debug|Any CPU
		{9C9E7443-3448-40A3-BEC8-4B1BB709BF52}.Debug|Any CPU.Build.0 = Debug|Any CPU
		{9C9E7443-3448-40A3-BEC8-4B1BB709BF52}.Release|Any CPU.ActiveCfg = Release|Any CPU
		{9C9E7443-3448-40A3-BEC8-4B1BB709BF52}.Release|Any CPU.Build.0 = Release|Any CPU
		{9D21D16E-4EC5-45A9-8582-28CC23E5EE2C}.Debug|Any CPU.ActiveCfg = Debug|Any CPU
		{9D21D16E-4EC5-45A9-8582-28CC23E5EE2C}.Debug|Any CPU.Build.0 = Debug|Any CPU
		{9D21D16E-4EC5-45A9-8582-28CC23E5EE2C}.Release|Any CPU.ActiveCfg = Release|Any CPU
		{9D21D16E-4EC5-45A9-8582-28CC23E5EE2C}.Release|Any CPU.Build.0 = Release|Any CPU
		{3D7E4329-35B5-4DFB-B1E1-E36BB380F0F2}.Debug|Any CPU.ActiveCfg = Debug|Any CPU
		{3D7E4329-35B5-4DFB-B1E1-E36BB380F0F2}.Debug|Any CPU.Build.0 = Debug|Any CPU
		{3D7E4329-35B5-4DFB-B1E1-E36BB380F0F2}.Release|Any CPU.ActiveCfg = Release|Any CPU
		{3D7E4329-35B5-4DFB-B1E1-E36BB380F0F2}.Release|Any CPU.Build.0 = Release|Any CPU
		{11E250B9-96FF-4941-BE70-E0AFC326BDE8}.Debug|Any CPU.ActiveCfg = Debug|Any CPU
		{11E250B9-96FF-4941-BE70-E0AFC326BDE8}.Debug|Any CPU.Build.0 = Debug|Any CPU
		{11E250B9-96FF-4941-BE70-E0AFC326BDE8}.Release|Any CPU.ActiveCfg = Release|Any CPU
		{11E250B9-96FF-4941-BE70-E0AFC326BDE8}.Release|Any CPU.Build.0 = Release|Any CPU
		{77DF7764-6252-42EA-8D80-09399C2AFCB7}.Debug|Any CPU.ActiveCfg = Debug|Any CPU
		{77DF7764-6252-42EA-8D80-09399C2AFCB7}.Debug|Any CPU.Build.0 = Debug|Any CPU
		{77DF7764-6252-42EA-8D80-09399C2AFCB7}.Release|Any CPU.ActiveCfg = Release|Any CPU
		{77DF7764-6252-42EA-8D80-09399C2AFCB7}.Release|Any CPU.Build.0 = Release|Any CPU
		{AD5E5A44-08FC-43A6-9858-8C16622F90AC}.Debug|Any CPU.ActiveCfg = Debug|Any CPU
		{AD5E5A44-08FC-43A6-9858-8C16622F90AC}.Debug|Any CPU.Build.0 = Debug|Any CPU
		{AD5E5A44-08FC-43A6-9858-8C16622F90AC}.Release|Any CPU.ActiveCfg = Release|Any CPU
		{AD5E5A44-08FC-43A6-9858-8C16622F90AC}.Release|Any CPU.Build.0 = Release|Any CPU
		{A67AF0A6-4EBA-4AF9-B004-416A39D82B7B}.Debug|Any CPU.ActiveCfg = Debug|Any CPU
		{A67AF0A6-4EBA-4AF9-B004-416A39D82B7B}.Debug|Any CPU.Build.0 = Debug|Any CPU
		{A67AF0A6-4EBA-4AF9-B004-416A39D82B7B}.Release|Any CPU.ActiveCfg = Release|Any CPU
		{A67AF0A6-4EBA-4AF9-B004-416A39D82B7B}.Release|Any CPU.Build.0 = Release|Any CPU
		{A5C335F5-C86B-4801-89CC-80CD45F7B521}.Debug|Any CPU.ActiveCfg = Debug|Any CPU
		{A5C335F5-C86B-4801-89CC-80CD45F7B521}.Debug|Any CPU.Build.0 = Debug|Any CPU
		{A5C335F5-C86B-4801-89CC-80CD45F7B521}.Release|Any CPU.ActiveCfg = Release|Any CPU
		{A5C335F5-C86B-4801-89CC-80CD45F7B521}.Release|Any CPU.Build.0 = Release|Any CPU
		{B32220CC-E441-4137-AD75-A7045D46F217}.Debug|Any CPU.ActiveCfg = Debug|Any CPU
		{B32220CC-E441-4137-AD75-A7045D46F217}.Debug|Any CPU.Build.0 = Debug|Any CPU
		{B32220CC-E441-4137-AD75-A7045D46F217}.Release|Any CPU.ActiveCfg = Release|Any CPU
		{B32220CC-E441-4137-AD75-A7045D46F217}.Release|Any CPU.Build.0 = Release|Any CPU
		{6E825F5B-1886-43DB-A5B0-2206DE3F96B4}.Debug|Any CPU.ActiveCfg = Debug|Any CPU
		{6E825F5B-1886-43DB-A5B0-2206DE3F96B4}.Debug|Any CPU.Build.0 = Debug|Any CPU
		{6E825F5B-1886-43DB-A5B0-2206DE3F96B4}.Release|Any CPU.ActiveCfg = Release|Any CPU
		{6E825F5B-1886-43DB-A5B0-2206DE3F96B4}.Release|Any CPU.Build.0 = Release|Any CPU
		{C3C2E4A7-205C-4950-A2C5-3627409D9AAA}.Debug|Any CPU.ActiveCfg = Debug|Any CPU
		{C3C2E4A7-205C-4950-A2C5-3627409D9AAA}.Debug|Any CPU.Build.0 = Debug|Any CPU
		{C3C2E4A7-205C-4950-A2C5-3627409D9AAA}.Release|Any CPU.ActiveCfg = Release|Any CPU
		{C3C2E4A7-205C-4950-A2C5-3627409D9AAA}.Release|Any CPU.Build.0 = Release|Any CPU
		{9BAED004-57EF-4EF7-8458-BA15CC2F952A}.Debug|Any CPU.ActiveCfg = Debug|Any CPU
		{9BAED004-57EF-4EF7-8458-BA15CC2F952A}.Debug|Any CPU.Build.0 = Debug|Any CPU
		{9BAED004-57EF-4EF7-8458-BA15CC2F952A}.Release|Any CPU.ActiveCfg = Release|Any CPU
		{9BAED004-57EF-4EF7-8458-BA15CC2F952A}.Release|Any CPU.Build.0 = Release|Any CPU
		{A91B20AB-C57E-4F5E-BFC5-6BDAF928DEB7}.Debug|Any CPU.ActiveCfg = Debug|Any CPU
		{A91B20AB-C57E-4F5E-BFC5-6BDAF928DEB7}.Debug|Any CPU.Build.0 = Debug|Any CPU
		{A91B20AB-C57E-4F5E-BFC5-6BDAF928DEB7}.Release|Any CPU.ActiveCfg = Release|Any CPU
		{A91B20AB-C57E-4F5E-BFC5-6BDAF928DEB7}.Release|Any CPU.Build.0 = Release|Any CPU
		{57B83F0F-D5D7-4AFE-937D-761BE67E9A5A}.Debug|Any CPU.ActiveCfg = Debug|Any CPU
		{57B83F0F-D5D7-4AFE-937D-761BE67E9A5A}.Debug|Any CPU.Build.0 = Debug|Any CPU
		{57B83F0F-D5D7-4AFE-937D-761BE67E9A5A}.Release|Any CPU.ActiveCfg = Release|Any CPU
		{57B83F0F-D5D7-4AFE-937D-761BE67E9A5A}.Release|Any CPU.Build.0 = Release|Any CPU
		{D4101DAA-0DB4-4E0A-958A-A54E4ADF9270}.Debug|Any CPU.ActiveCfg = Debug|Any CPU
		{D4101DAA-0DB4-4E0A-958A-A54E4ADF9270}.Debug|Any CPU.Build.0 = Debug|Any CPU
		{D4101DAA-0DB4-4E0A-958A-A54E4ADF9270}.Release|Any CPU.ActiveCfg = Release|Any CPU
		{D4101DAA-0DB4-4E0A-958A-A54E4ADF9270}.Release|Any CPU.Build.0 = Release|Any CPU
		{70CEFC9C-6F0F-4234-BECD-44FAA09CA9FD}.Debug|Any CPU.ActiveCfg = Debug|Any CPU
		{70CEFC9C-6F0F-4234-BECD-44FAA09CA9FD}.Debug|Any CPU.Build.0 = Debug|Any CPU
		{70CEFC9C-6F0F-4234-BECD-44FAA09CA9FD}.Release|Any CPU.ActiveCfg = Release|Any CPU
		{70CEFC9C-6F0F-4234-BECD-44FAA09CA9FD}.Release|Any CPU.Build.0 = Release|Any CPU
		{32325016-C8C6-48A3-8E16-6543A72D2D73}.Debug|Any CPU.ActiveCfg = Debug|Any CPU
		{32325016-C8C6-48A3-8E16-6543A72D2D73}.Debug|Any CPU.Build.0 = Debug|Any CPU
		{32325016-C8C6-48A3-8E16-6543A72D2D73}.Release|Any CPU.ActiveCfg = Release|Any CPU
		{32325016-C8C6-48A3-8E16-6543A72D2D73}.Release|Any CPU.Build.0 = Release|Any CPU
		{FF02876E-032E-4E1E-A804-B973105015AC}.Debug|Any CPU.ActiveCfg = Debug|Any CPU
		{FF02876E-032E-4E1E-A804-B973105015AC}.Debug|Any CPU.Build.0 = Debug|Any CPU
		{FF02876E-032E-4E1E-A804-B973105015AC}.Release|Any CPU.ActiveCfg = Release|Any CPU
		{FF02876E-032E-4E1E-A804-B973105015AC}.Release|Any CPU.Build.0 = Release|Any CPU
		{F21CE8BA-4150-402C-9B10-1C221D33BC4E}.Debug|Any CPU.ActiveCfg = Debug|Any CPU
		{F21CE8BA-4150-402C-9B10-1C221D33BC4E}.Debug|Any CPU.Build.0 = Debug|Any CPU
		{F21CE8BA-4150-402C-9B10-1C221D33BC4E}.Release|Any CPU.ActiveCfg = Release|Any CPU
		{F21CE8BA-4150-402C-9B10-1C221D33BC4E}.Release|Any CPU.Build.0 = Release|Any CPU
		{4FC7C1A4-A674-44C8-BA46-AA63C78E7F89}.Debug|Any CPU.ActiveCfg = Debug|Any CPU
		{4FC7C1A4-A674-44C8-BA46-AA63C78E7F89}.Debug|Any CPU.Build.0 = Debug|Any CPU
		{4FC7C1A4-A674-44C8-BA46-AA63C78E7F89}.Release|Any CPU.ActiveCfg = Release|Any CPU
		{4FC7C1A4-A674-44C8-BA46-AA63C78E7F89}.Release|Any CPU.Build.0 = Release|Any CPU
		{05BC4B39-EC0F-4F23-A429-DEC9EEB09D58}.Debug|Any CPU.ActiveCfg = Debug|Any CPU
		{05BC4B39-EC0F-4F23-A429-DEC9EEB09D58}.Debug|Any CPU.Build.0 = Debug|Any CPU
		{05BC4B39-EC0F-4F23-A429-DEC9EEB09D58}.Release|Any CPU.ActiveCfg = Release|Any CPU
		{05BC4B39-EC0F-4F23-A429-DEC9EEB09D58}.Release|Any CPU.Build.0 = Release|Any CPU
		{01F9FE84-2E3D-4A2C-B3C9-DD70DC4220EF}.Debug|Any CPU.ActiveCfg = Debug|Any CPU
		{01F9FE84-2E3D-4A2C-B3C9-DD70DC4220EF}.Debug|Any CPU.Build.0 = Debug|Any CPU
		{01F9FE84-2E3D-4A2C-B3C9-DD70DC4220EF}.Release|Any CPU.ActiveCfg = Release|Any CPU
		{01F9FE84-2E3D-4A2C-B3C9-DD70DC4220EF}.Release|Any CPU.Build.0 = Release|Any CPU
		{7FE3A79C-73C1-4A29-B870-35C5C1C02D86}.Debug|Any CPU.ActiveCfg = Debug|Any CPU
		{7FE3A79C-73C1-4A29-B870-35C5C1C02D86}.Debug|Any CPU.Build.0 = Debug|Any CPU
		{7FE3A79C-73C1-4A29-B870-35C5C1C02D86}.Release|Any CPU.ActiveCfg = Release|Any CPU
		{7FE3A79C-73C1-4A29-B870-35C5C1C02D86}.Release|Any CPU.Build.0 = Release|Any CPU
		{C61B2659-13D7-48FE-8B5E-CD4945537B47}.Debug|Any CPU.ActiveCfg = Debug|Any CPU
		{C61B2659-13D7-48FE-8B5E-CD4945537B47}.Debug|Any CPU.Build.0 = Debug|Any CPU
		{C61B2659-13D7-48FE-8B5E-CD4945537B47}.Release|Any CPU.ActiveCfg = Release|Any CPU
		{C61B2659-13D7-48FE-8B5E-CD4945537B47}.Release|Any CPU.Build.0 = Release|Any CPU
		{32AE169D-E57E-4695-B57B-FE575296E868}.Debug|Any CPU.ActiveCfg = Debug|Any CPU
		{32AE169D-E57E-4695-B57B-FE575296E868}.Debug|Any CPU.Build.0 = Debug|Any CPU
		{32AE169D-E57E-4695-B57B-FE575296E868}.Release|Any CPU.ActiveCfg = Release|Any CPU
		{32AE169D-E57E-4695-B57B-FE575296E868}.Release|Any CPU.Build.0 = Release|Any CPU
		{03F1D114-B779-402F-A2AA-996023759312}.Debug|Any CPU.ActiveCfg = Debug|Any CPU
		{03F1D114-B779-402F-A2AA-996023759312}.Debug|Any CPU.Build.0 = Debug|Any CPU
		{03F1D114-B779-402F-A2AA-996023759312}.Release|Any CPU.ActiveCfg = Release|Any CPU
		{03F1D114-B779-402F-A2AA-996023759312}.Release|Any CPU.Build.0 = Release|Any CPU
		{E79A63ED-FCFA-4F6E-B17D-D87AE0A4AB62}.Debug|Any CPU.ActiveCfg = Debug|Any CPU
		{E79A63ED-FCFA-4F6E-B17D-D87AE0A4AB62}.Debug|Any CPU.Build.0 = Debug|Any CPU
		{E79A63ED-FCFA-4F6E-B17D-D87AE0A4AB62}.Release|Any CPU.ActiveCfg = Release|Any CPU
		{E79A63ED-FCFA-4F6E-B17D-D87AE0A4AB62}.Release|Any CPU.Build.0 = Release|Any CPU
		{E05F25A7-77AA-46DB-9533-9BDEC5C6C5C0}.Debug|Any CPU.ActiveCfg = Debug|Any CPU
		{E05F25A7-77AA-46DB-9533-9BDEC5C6C5C0}.Debug|Any CPU.Build.0 = Debug|Any CPU
		{E05F25A7-77AA-46DB-9533-9BDEC5C6C5C0}.Release|Any CPU.ActiveCfg = Release|Any CPU
		{E05F25A7-77AA-46DB-9533-9BDEC5C6C5C0}.Release|Any CPU.Build.0 = Release|Any CPU
		{CC1BB9BF-CDB5-4E23-87ED-561726310DBA}.Debug|Any CPU.ActiveCfg = Debug|Any CPU
		{CC1BB9BF-CDB5-4E23-87ED-561726310DBA}.Debug|Any CPU.Build.0 = Debug|Any CPU
		{CC1BB9BF-CDB5-4E23-87ED-561726310DBA}.Release|Any CPU.ActiveCfg = Release|Any CPU
		{CC1BB9BF-CDB5-4E23-87ED-561726310DBA}.Release|Any CPU.Build.0 = Release|Any CPU
		{663B2C44-0A4A-44A3-AF1A-8E8E58B8215D}.Debug|Any CPU.ActiveCfg = Debug|Any CPU
		{663B2C44-0A4A-44A3-AF1A-8E8E58B8215D}.Debug|Any CPU.Build.0 = Debug|Any CPU
		{663B2C44-0A4A-44A3-AF1A-8E8E58B8215D}.Release|Any CPU.ActiveCfg = Release|Any CPU
		{663B2C44-0A4A-44A3-AF1A-8E8E58B8215D}.Release|Any CPU.Build.0 = Release|Any CPU
		{A77175D0-23F9-4548-9EAB-8562FA9A8776}.Debug|Any CPU.ActiveCfg = Debug|Any CPU
		{A77175D0-23F9-4548-9EAB-8562FA9A8776}.Debug|Any CPU.Build.0 = Debug|Any CPU
		{A77175D0-23F9-4548-9EAB-8562FA9A8776}.Release|Any CPU.ActiveCfg = Release|Any CPU
		{A77175D0-23F9-4548-9EAB-8562FA9A8776}.Release|Any CPU.Build.0 = Release|Any CPU
		{190EE5F8-21DA-41E4-9541-342FDD77496E}.Debug|Any CPU.ActiveCfg = Debug|Any CPU
		{190EE5F8-21DA-41E4-9541-342FDD77496E}.Debug|Any CPU.Build.0 = Debug|Any CPU
		{190EE5F8-21DA-41E4-9541-342FDD77496E}.Release|Any CPU.ActiveCfg = Release|Any CPU
		{190EE5F8-21DA-41E4-9541-342FDD77496E}.Release|Any CPU.Build.0 = Release|Any CPU
		{70740E59-E26F-47E4-A3CC-92A41B4973F6}.Debug|Any CPU.ActiveCfg = Debug|Any CPU
		{70740E59-E26F-47E4-A3CC-92A41B4973F6}.Debug|Any CPU.Build.0 = Debug|Any CPU
		{70740E59-E26F-47E4-A3CC-92A41B4973F6}.Release|Any CPU.ActiveCfg = Release|Any CPU
		{70740E59-E26F-47E4-A3CC-92A41B4973F6}.Release|Any CPU.Build.0 = Release|Any CPU
		{D04C15D8-D20E-4DD2-88C2-A7912B063054}.Debug|Any CPU.ActiveCfg = Debug|Any CPU
		{D04C15D8-D20E-4DD2-88C2-A7912B063054}.Debug|Any CPU.Build.0 = Debug|Any CPU
		{D04C15D8-D20E-4DD2-88C2-A7912B063054}.Release|Any CPU.ActiveCfg = Release|Any CPU
		{D04C15D8-D20E-4DD2-88C2-A7912B063054}.Release|Any CPU.Build.0 = Release|Any CPU
		{D60F1F80-D4A2-4807-8CF0-71FFFCF1F3D9}.Debug|Any CPU.ActiveCfg = Debug|Any CPU
		{D60F1F80-D4A2-4807-8CF0-71FFFCF1F3D9}.Debug|Any CPU.Build.0 = Debug|Any CPU
		{D60F1F80-D4A2-4807-8CF0-71FFFCF1F3D9}.Release|Any CPU.ActiveCfg = Release|Any CPU
		{D60F1F80-D4A2-4807-8CF0-71FFFCF1F3D9}.Release|Any CPU.Build.0 = Release|Any CPU
		{6763AAB6-EC00-4ABC-B670-F6F88E295918}.Debug|Any CPU.ActiveCfg = Debug|Any CPU
		{6763AAB6-EC00-4ABC-B670-F6F88E295918}.Debug|Any CPU.Build.0 = Debug|Any CPU
		{6763AAB6-EC00-4ABC-B670-F6F88E295918}.Release|Any CPU.ActiveCfg = Release|Any CPU
		{6763AAB6-EC00-4ABC-B670-F6F88E295918}.Release|Any CPU.Build.0 = Release|Any CPU
		{09564222-B719-41E1-AD9E-4E53C0647A81}.Debug|Any CPU.ActiveCfg = Debug|Any CPU
		{09564222-B719-41E1-AD9E-4E53C0647A81}.Debug|Any CPU.Build.0 = Debug|Any CPU
		{09564222-B719-41E1-AD9E-4E53C0647A81}.Release|Any CPU.ActiveCfg = Release|Any CPU
		{09564222-B719-41E1-AD9E-4E53C0647A81}.Release|Any CPU.Build.0 = Release|Any CPU
		{C3E9F37E-3D6B-4FF2-A9C5-42676F52176F}.Debug|Any CPU.ActiveCfg = Debug|Any CPU
		{C3E9F37E-3D6B-4FF2-A9C5-42676F52176F}.Debug|Any CPU.Build.0 = Debug|Any CPU
		{C3E9F37E-3D6B-4FF2-A9C5-42676F52176F}.Release|Any CPU.ActiveCfg = Release|Any CPU
		{C3E9F37E-3D6B-4FF2-A9C5-42676F52176F}.Release|Any CPU.Build.0 = Release|Any CPU
		{503E2D79-727C-4C07-BC83-54F402CBE943}.Debug|Any CPU.ActiveCfg = Debug|Any CPU
		{503E2D79-727C-4C07-BC83-54F402CBE943}.Debug|Any CPU.Build.0 = Debug|Any CPU
		{503E2D79-727C-4C07-BC83-54F402CBE943}.Release|Any CPU.ActiveCfg = Release|Any CPU
		{503E2D79-727C-4C07-BC83-54F402CBE943}.Release|Any CPU.Build.0 = Release|Any CPU
		{0B400774-6CF7-4F2A-95A0-9F8A69AB1446}.Debug|Any CPU.ActiveCfg = Debug|Any CPU
		{0B400774-6CF7-4F2A-95A0-9F8A69AB1446}.Debug|Any CPU.Build.0 = Debug|Any CPU
		{0B400774-6CF7-4F2A-95A0-9F8A69AB1446}.Debug|Any CPU.Deploy.0 = Debug|Any CPU
		{0B400774-6CF7-4F2A-95A0-9F8A69AB1446}.Release|Any CPU.ActiveCfg = Release|Any CPU
		{0B400774-6CF7-4F2A-95A0-9F8A69AB1446}.Release|Any CPU.Build.0 = Release|Any CPU
		{0B400774-6CF7-4F2A-95A0-9F8A69AB1446}.Release|Any CPU.Deploy.0 = Release|Any CPU
		{7157C504-859D-4ED3-8B43-3C340E5A1D29}.Debug|Any CPU.ActiveCfg = Debug|Any CPU
		{7157C504-859D-4ED3-8B43-3C340E5A1D29}.Debug|Any CPU.Build.0 = Debug|Any CPU
		{7157C504-859D-4ED3-8B43-3C340E5A1D29}.Release|Any CPU.ActiveCfg = Release|Any CPU
		{7157C504-859D-4ED3-8B43-3C340E5A1D29}.Release|Any CPU.Build.0 = Release|Any CPU
		{88DB01AA-0A60-4E69-825B-172247D034A0}.Debug|Any CPU.ActiveCfg = Debug|Any CPU
		{88DB01AA-0A60-4E69-825B-172247D034A0}.Debug|Any CPU.Build.0 = Debug|Any CPU
		{88DB01AA-0A60-4E69-825B-172247D034A0}.Release|Any CPU.ActiveCfg = Release|Any CPU
		{88DB01AA-0A60-4E69-825B-172247D034A0}.Release|Any CPU.Build.0 = Release|Any CPU
		{AC1B24CA-A0C3-4A28-BE3B-62BF317687F6}.Debug|Any CPU.ActiveCfg = Debug|Any CPU
		{AC1B24CA-A0C3-4A28-BE3B-62BF317687F6}.Debug|Any CPU.Build.0 = Debug|Any CPU
		{AC1B24CA-A0C3-4A28-BE3B-62BF317687F6}.Release|Any CPU.ActiveCfg = Release|Any CPU
		{AC1B24CA-A0C3-4A28-BE3B-62BF317687F6}.Release|Any CPU.Build.0 = Release|Any CPU
		{DF8AB881-D5B6-4E21-AEC6-3CD422CD55FC}.Debug|Any CPU.ActiveCfg = Debug|Any CPU
		{DF8AB881-D5B6-4E21-AEC6-3CD422CD55FC}.Debug|Any CPU.Build.0 = Debug|Any CPU
		{DF8AB881-D5B6-4E21-AEC6-3CD422CD55FC}.Release|Any CPU.ActiveCfg = Release|Any CPU
		{DF8AB881-D5B6-4E21-AEC6-3CD422CD55FC}.Release|Any CPU.Build.0 = Release|Any CPU
		{729146D9-3C3A-4AA8-940A-2952C006A259}.Debug|Any CPU.ActiveCfg = Debug|Any CPU
		{729146D9-3C3A-4AA8-940A-2952C006A259}.Debug|Any CPU.Build.0 = Debug|Any CPU
		{729146D9-3C3A-4AA8-940A-2952C006A259}.Release|Any CPU.ActiveCfg = Release|Any CPU
		{729146D9-3C3A-4AA8-940A-2952C006A259}.Release|Any CPU.Build.0 = Release|Any CPU
		{374EE65E-4898-425D-AC26-D8D72D34C098}.Debug|Any CPU.ActiveCfg = Debug|Any CPU
		{374EE65E-4898-425D-AC26-D8D72D34C098}.Debug|Any CPU.Build.0 = Debug|Any CPU
		{374EE65E-4898-425D-AC26-D8D72D34C098}.Release|Any CPU.ActiveCfg = Release|Any CPU
		{374EE65E-4898-425D-AC26-D8D72D34C098}.Release|Any CPU.Build.0 = Release|Any CPU
		{A836E266-0708-46E4-877C-5431B71EF18C}.Debug|Any CPU.ActiveCfg = Debug|Any CPU
		{A836E266-0708-46E4-877C-5431B71EF18C}.Debug|Any CPU.Build.0 = Debug|Any CPU
		{A836E266-0708-46E4-877C-5431B71EF18C}.Release|Any CPU.ActiveCfg = Release|Any CPU
		{A836E266-0708-46E4-877C-5431B71EF18C}.Release|Any CPU.Build.0 = Release|Any CPU
		{3D9E5795-197F-49BB-975F-64519998F715}.Debug|Any CPU.ActiveCfg = Debug|Any CPU
		{3D9E5795-197F-49BB-975F-64519998F715}.Debug|Any CPU.Build.0 = Debug|Any CPU
		{3D9E5795-197F-49BB-975F-64519998F715}.Release|Any CPU.ActiveCfg = Release|Any CPU
		{3D9E5795-197F-49BB-975F-64519998F715}.Release|Any CPU.Build.0 = Release|Any CPU
		{871F5826-F178-4F5F-BBB1-E1D5BB7BB7B8}.Debug|Any CPU.ActiveCfg = Debug|Any CPU
		{871F5826-F178-4F5F-BBB1-E1D5BB7BB7B8}.Debug|Any CPU.Build.0 = Debug|Any CPU
		{871F5826-F178-4F5F-BBB1-E1D5BB7BB7B8}.Release|Any CPU.ActiveCfg = Release|Any CPU
		{871F5826-F178-4F5F-BBB1-E1D5BB7BB7B8}.Release|Any CPU.Build.0 = Release|Any CPU
		{7A03AD35-F59D-46D6-8801-67540BC4EE6C}.Debug|Any CPU.ActiveCfg = Debug|Any CPU
		{7A03AD35-F59D-46D6-8801-67540BC4EE6C}.Debug|Any CPU.Build.0 = Debug|Any CPU
		{7A03AD35-F59D-46D6-8801-67540BC4EE6C}.Release|Any CPU.ActiveCfg = Release|Any CPU
		{7A03AD35-F59D-46D6-8801-67540BC4EE6C}.Release|Any CPU.Build.0 = Release|Any CPU
		{A0697CBD-7B77-428D-8C0B-B2671F1D6CFE}.Debug|Any CPU.ActiveCfg = Debug|Any CPU
		{A0697CBD-7B77-428D-8C0B-B2671F1D6CFE}.Debug|Any CPU.Build.0 = Debug|Any CPU
		{A0697CBD-7B77-428D-8C0B-B2671F1D6CFE}.Release|Any CPU.ActiveCfg = Release|Any CPU
		{A0697CBD-7B77-428D-8C0B-B2671F1D6CFE}.Release|Any CPU.Build.0 = Release|Any CPU
		{7DD61FB0-EFCF-43B6-82ED-2B3367693D0D}.Debug|Any CPU.ActiveCfg = Debug|Any CPU
		{7DD61FB0-EFCF-43B6-82ED-2B3367693D0D}.Debug|Any CPU.Build.0 = Debug|Any CPU
		{7DD61FB0-EFCF-43B6-82ED-2B3367693D0D}.Release|Any CPU.ActiveCfg = Release|Any CPU
		{7DD61FB0-EFCF-43B6-82ED-2B3367693D0D}.Release|Any CPU.Build.0 = Release|Any CPU
		{F76731F3-FD7B-4E78-845F-7FA9BB9E60A2}.Debug|Any CPU.ActiveCfg = Debug|Any CPU
		{F76731F3-FD7B-4E78-845F-7FA9BB9E60A2}.Debug|Any CPU.Build.0 = Debug|Any CPU
		{F76731F3-FD7B-4E78-845F-7FA9BB9E60A2}.Release|Any CPU.ActiveCfg = Release|Any CPU
		{F76731F3-FD7B-4E78-845F-7FA9BB9E60A2}.Release|Any CPU.Build.0 = Release|Any CPU
		{3D28D829-2124-4C6A-9491-00B296E5F111}.Debug|Any CPU.ActiveCfg = Debug|Any CPU
		{3D28D829-2124-4C6A-9491-00B296E5F111}.Debug|Any CPU.Build.0 = Debug|Any CPU
		{3D28D829-2124-4C6A-9491-00B296E5F111}.Release|Any CPU.ActiveCfg = Release|Any CPU
		{3D28D829-2124-4C6A-9491-00B296E5F111}.Release|Any CPU.Build.0 = Release|Any CPU
		{689DEEE3-F478-432C-86CB-BFB88D0ABE03}.Debug|Any CPU.ActiveCfg = Debug|Any CPU
		{689DEEE3-F478-432C-86CB-BFB88D0ABE03}.Debug|Any CPU.Build.0 = Debug|Any CPU
		{689DEEE3-F478-432C-86CB-BFB88D0ABE03}.Release|Any CPU.ActiveCfg = Release|Any CPU
		{689DEEE3-F478-432C-86CB-BFB88D0ABE03}.Release|Any CPU.Build.0 = Release|Any CPU
		{0B787ABA-CECB-41BF-890B-9CCAEA2F65E4}.Debug|Any CPU.ActiveCfg = Debug|Any CPU
		{0B787ABA-CECB-41BF-890B-9CCAEA2F65E4}.Debug|Any CPU.Build.0 = Debug|Any CPU
		{0B787ABA-CECB-41BF-890B-9CCAEA2F65E4}.Release|Any CPU.ActiveCfg = Release|Any CPU
		{0B787ABA-CECB-41BF-890B-9CCAEA2F65E4}.Release|Any CPU.Build.0 = Release|Any CPU
		{786FEC52-7C71-4848-B31E-A9EE93334578}.Debug|Any CPU.ActiveCfg = Debug|Any CPU
		{786FEC52-7C71-4848-B31E-A9EE93334578}.Debug|Any CPU.Build.0 = Debug|Any CPU
		{786FEC52-7C71-4848-B31E-A9EE93334578}.Release|Any CPU.ActiveCfg = Release|Any CPU
		{786FEC52-7C71-4848-B31E-A9EE93334578}.Release|Any CPU.Build.0 = Release|Any CPU
		{459C7484-63A6-4897-B9AC-F82C1C763D16}.Debug|Any CPU.ActiveCfg = Debug|Any CPU
		{459C7484-63A6-4897-B9AC-F82C1C763D16}.Debug|Any CPU.Build.0 = Debug|Any CPU
		{459C7484-63A6-4897-B9AC-F82C1C763D16}.Release|Any CPU.ActiveCfg = Release|Any CPU
		{459C7484-63A6-4897-B9AC-F82C1C763D16}.Release|Any CPU.Build.0 = Release|Any CPU
		{5774D8B9-0FE9-4F21-8456-4BF62C2D95CC}.Debug|Any CPU.ActiveCfg = Debug|Any CPU
		{5774D8B9-0FE9-4F21-8456-4BF62C2D95CC}.Debug|Any CPU.Build.0 = Debug|Any CPU
		{5774D8B9-0FE9-4F21-8456-4BF62C2D95CC}.Release|Any CPU.ActiveCfg = Release|Any CPU
		{5774D8B9-0FE9-4F21-8456-4BF62C2D95CC}.Release|Any CPU.Build.0 = Release|Any CPU
		{5D3721A5-5221-4474-B45B-30FDF2EF298D}.Debug|Any CPU.ActiveCfg = Debug|Any CPU
		{5D3721A5-5221-4474-B45B-30FDF2EF298D}.Debug|Any CPU.Build.0 = Debug|Any CPU
		{5D3721A5-5221-4474-B45B-30FDF2EF298D}.Release|Any CPU.ActiveCfg = Release|Any CPU
		{5D3721A5-5221-4474-B45B-30FDF2EF298D}.Release|Any CPU.Build.0 = Release|Any CPU
		{09DD3B64-1C8F-4AD0-B0D5-F4236831FD5E}.Debug|Any CPU.ActiveCfg = Debug|Any CPU
		{09DD3B64-1C8F-4AD0-B0D5-F4236831FD5E}.Debug|Any CPU.Build.0 = Debug|Any CPU
		{09DD3B64-1C8F-4AD0-B0D5-F4236831FD5E}.Release|Any CPU.ActiveCfg = Release|Any CPU
		{09DD3B64-1C8F-4AD0-B0D5-F4236831FD5E}.Release|Any CPU.Build.0 = Release|Any CPU
		{83B9E1D8-8CCF-47AF-803C-C109C8533697}.Debug|Any CPU.ActiveCfg = Debug|Any CPU
		{83B9E1D8-8CCF-47AF-803C-C109C8533697}.Debug|Any CPU.Build.0 = Debug|Any CPU
		{83B9E1D8-8CCF-47AF-803C-C109C8533697}.Release|Any CPU.ActiveCfg = Release|Any CPU
		{83B9E1D8-8CCF-47AF-803C-C109C8533697}.Release|Any CPU.Build.0 = Release|Any CPU
		{B40D89B6-A8AD-4542-B58A-74D8B9507D5E}.Debug|Any CPU.ActiveCfg = Debug|Any CPU
		{B40D89B6-A8AD-4542-B58A-74D8B9507D5E}.Debug|Any CPU.Build.0 = Debug|Any CPU
		{B40D89B6-A8AD-4542-B58A-74D8B9507D5E}.Release|Any CPU.ActiveCfg = Release|Any CPU
		{B40D89B6-A8AD-4542-B58A-74D8B9507D5E}.Release|Any CPU.Build.0 = Release|Any CPU
		{8D2BC274-E4F1-4D4B-8879-05703B6906D8}.Debug|Any CPU.ActiveCfg = Debug|Any CPU
		{8D2BC274-E4F1-4D4B-8879-05703B6906D8}.Debug|Any CPU.Build.0 = Debug|Any CPU
		{8D2BC274-E4F1-4D4B-8879-05703B6906D8}.Release|Any CPU.ActiveCfg = Release|Any CPU
		{8D2BC274-E4F1-4D4B-8879-05703B6906D8}.Release|Any CPU.Build.0 = Release|Any CPU
		{E54DCA1D-68FC-41CC-A988-E86948C8CA9F}.Debug|Any CPU.ActiveCfg = Debug|Any CPU
		{E54DCA1D-68FC-41CC-A988-E86948C8CA9F}.Debug|Any CPU.Build.0 = Debug|Any CPU
		{E54DCA1D-68FC-41CC-A988-E86948C8CA9F}.Release|Any CPU.ActiveCfg = Release|Any CPU
		{E54DCA1D-68FC-41CC-A988-E86948C8CA9F}.Release|Any CPU.Build.0 = Release|Any CPU
		{AD3D060B-FE18-424A-BF94-BC24FCF20D07}.Debug|Any CPU.ActiveCfg = Debug|Any CPU
		{AD3D060B-FE18-424A-BF94-BC24FCF20D07}.Debug|Any CPU.Build.0 = Debug|Any CPU
		{AD3D060B-FE18-424A-BF94-BC24FCF20D07}.Release|Any CPU.ActiveCfg = Release|Any CPU
		{AD3D060B-FE18-424A-BF94-BC24FCF20D07}.Release|Any CPU.Build.0 = Release|Any CPU
		{7F506E20-6444-46BE-80B5-157A70850671}.Debug|Any CPU.ActiveCfg = Debug|Any CPU
		{7F506E20-6444-46BE-80B5-157A70850671}.Debug|Any CPU.Build.0 = Debug|Any CPU
		{7F506E20-6444-46BE-80B5-157A70850671}.Release|Any CPU.ActiveCfg = Release|Any CPU
		{7F506E20-6444-46BE-80B5-157A70850671}.Release|Any CPU.Build.0 = Release|Any CPU
		{F2B6FBA1-749B-49C8-8150-244822B439CC}.Debug|Any CPU.ActiveCfg = Debug|Any CPU
		{F2B6FBA1-749B-49C8-8150-244822B439CC}.Debug|Any CPU.Build.0 = Debug|Any CPU
		{F2B6FBA1-749B-49C8-8150-244822B439CC}.Release|Any CPU.ActiveCfg = Release|Any CPU
		{F2B6FBA1-749B-49C8-8150-244822B439CC}.Release|Any CPU.Build.0 = Release|Any CPU
		{4F31C6CA-5B4D-47A1-BA4F-A7AA51A21431}.Debug|Any CPU.ActiveCfg = Debug|Any CPU
		{4F31C6CA-5B4D-47A1-BA4F-A7AA51A21431}.Debug|Any CPU.Build.0 = Debug|Any CPU
		{4F31C6CA-5B4D-47A1-BA4F-A7AA51A21431}.Release|Any CPU.ActiveCfg = Release|Any CPU
		{4F31C6CA-5B4D-47A1-BA4F-A7AA51A21431}.Release|Any CPU.Build.0 = Release|Any CPU
		{D37B39C4-2F23-44D1-8673-8BE5390E58DF}.Debug|Any CPU.ActiveCfg = Debug|Any CPU
		{D37B39C4-2F23-44D1-8673-8BE5390E58DF}.Debug|Any CPU.Build.0 = Debug|Any CPU
		{D37B39C4-2F23-44D1-8673-8BE5390E58DF}.Release|Any CPU.ActiveCfg = Release|Any CPU
		{D37B39C4-2F23-44D1-8673-8BE5390E58DF}.Release|Any CPU.Build.0 = Release|Any CPU
		{F9CA802E-4288-42D3-91AC-E8A178A90DDF}.Debug|Any CPU.ActiveCfg = Debug|Any CPU
		{F9CA802E-4288-42D3-91AC-E8A178A90DDF}.Debug|Any CPU.Build.0 = Debug|Any CPU
		{F9CA802E-4288-42D3-91AC-E8A178A90DDF}.Release|Any CPU.ActiveCfg = Release|Any CPU
		{F9CA802E-4288-42D3-91AC-E8A178A90DDF}.Release|Any CPU.Build.0 = Release|Any CPU
		{838CF7A8-AD85-402F-AD47-791754D46E0D}.Debug|Any CPU.ActiveCfg = Debug|Any CPU
		{838CF7A8-AD85-402F-AD47-791754D46E0D}.Debug|Any CPU.Build.0 = Debug|Any CPU
		{838CF7A8-AD85-402F-AD47-791754D46E0D}.Release|Any CPU.ActiveCfg = Release|Any CPU
		{838CF7A8-AD85-402F-AD47-791754D46E0D}.Release|Any CPU.Build.0 = Release|Any CPU
		{F99CA73C-0773-4418-B6BD-865A1F493379}.Debug|Any CPU.ActiveCfg = Debug|Any CPU
		{F99CA73C-0773-4418-B6BD-865A1F493379}.Debug|Any CPU.Build.0 = Debug|Any CPU
		{F99CA73C-0773-4418-B6BD-865A1F493379}.Release|Any CPU.ActiveCfg = Release|Any CPU
		{F99CA73C-0773-4418-B6BD-865A1F493379}.Release|Any CPU.Build.0 = Release|Any CPU
		{EC3035FF-F767-4396-9F72-2072471D856A}.Debug|Any CPU.ActiveCfg = Debug|Any CPU
		{EC3035FF-F767-4396-9F72-2072471D856A}.Debug|Any CPU.Build.0 = Debug|Any CPU
		{EC3035FF-F767-4396-9F72-2072471D856A}.Release|Any CPU.ActiveCfg = Release|Any CPU
		{EC3035FF-F767-4396-9F72-2072471D856A}.Release|Any CPU.Build.0 = Release|Any CPU
		{2871BBF6-689A-4DB8-A29D-7253FE99A9BF}.Debug|Any CPU.ActiveCfg = Debug|Any CPU
		{2871BBF6-689A-4DB8-A29D-7253FE99A9BF}.Debug|Any CPU.Build.0 = Debug|Any CPU
		{2871BBF6-689A-4DB8-A29D-7253FE99A9BF}.Release|Any CPU.ActiveCfg = Release|Any CPU
		{2871BBF6-689A-4DB8-A29D-7253FE99A9BF}.Release|Any CPU.Build.0 = Release|Any CPU
		{64FE6B2D-392D-4B8B-9C5F-17EA7701E705}.Debug|Any CPU.ActiveCfg = Debug|Any CPU
		{64FE6B2D-392D-4B8B-9C5F-17EA7701E705}.Debug|Any CPU.Build.0 = Debug|Any CPU
		{64FE6B2D-392D-4B8B-9C5F-17EA7701E705}.Release|Any CPU.ActiveCfg = Release|Any CPU
		{64FE6B2D-392D-4B8B-9C5F-17EA7701E705}.Release|Any CPU.Build.0 = Release|Any CPU
		{7B28879E-FB5E-4A9E-8EDE-2A0F9B86C8EA}.Debug|Any CPU.ActiveCfg = Debug|Any CPU
		{7B28879E-FB5E-4A9E-8EDE-2A0F9B86C8EA}.Debug|Any CPU.Build.0 = Debug|Any CPU
		{7B28879E-FB5E-4A9E-8EDE-2A0F9B86C8EA}.Release|Any CPU.ActiveCfg = Release|Any CPU
		{7B28879E-FB5E-4A9E-8EDE-2A0F9B86C8EA}.Release|Any CPU.Build.0 = Release|Any CPU
		{96553B41-F0F6-4AC7-AFC0-1208452DF577}.Debug|Any CPU.ActiveCfg = Debug|Any CPU
		{96553B41-F0F6-4AC7-AFC0-1208452DF577}.Debug|Any CPU.Build.0 = Debug|Any CPU
		{96553B41-F0F6-4AC7-AFC0-1208452DF577}.Release|Any CPU.ActiveCfg = Release|Any CPU
		{96553B41-F0F6-4AC7-AFC0-1208452DF577}.Release|Any CPU.Build.0 = Release|Any CPU
		{0C38DD4B-D7CD-48F1-A274-A82647AFFA2D}.Debug|Any CPU.ActiveCfg = Debug|Any CPU
		{0C38DD4B-D7CD-48F1-A274-A82647AFFA2D}.Debug|Any CPU.Build.0 = Debug|Any CPU
		{0C38DD4B-D7CD-48F1-A274-A82647AFFA2D}.Release|Any CPU.ActiveCfg = Release|Any CPU
		{0C38DD4B-D7CD-48F1-A274-A82647AFFA2D}.Release|Any CPU.Build.0 = Release|Any CPU
		{CADA442A-41B0-4B68-ACB3-10BA028D77CE}.Debug|Any CPU.ActiveCfg = Debug|Any CPU
		{CADA442A-41B0-4B68-ACB3-10BA028D77CE}.Debug|Any CPU.Build.0 = Debug|Any CPU
		{CADA442A-41B0-4B68-ACB3-10BA028D77CE}.Release|Any CPU.ActiveCfg = Release|Any CPU
		{CADA442A-41B0-4B68-ACB3-10BA028D77CE}.Release|Any CPU.Build.0 = Release|Any CPU
		{8EBEC869-150B-4253-89E5-F274C3FD78B8}.Debug|Any CPU.ActiveCfg = Debug|Any CPU
		{8EBEC869-150B-4253-89E5-F274C3FD78B8}.Debug|Any CPU.Build.0 = Debug|Any CPU
		{8EBEC869-150B-4253-89E5-F274C3FD78B8}.Release|Any CPU.ActiveCfg = Release|Any CPU
		{8EBEC869-150B-4253-89E5-F274C3FD78B8}.Release|Any CPU.Build.0 = Release|Any CPU
		{2BB50C83-C011-4DFA-8208-1BFDEE9B8A02}.Debug|Any CPU.ActiveCfg = Debug|Any CPU
		{2BB50C83-C011-4DFA-8208-1BFDEE9B8A02}.Debug|Any CPU.Build.0 = Debug|Any CPU
		{2BB50C83-C011-4DFA-8208-1BFDEE9B8A02}.Release|Any CPU.ActiveCfg = Release|Any CPU
		{2BB50C83-C011-4DFA-8208-1BFDEE9B8A02}.Release|Any CPU.Build.0 = Release|Any CPU
		{93500148-86AF-4368-9E91-5ACA6E8FC32B}.Debug|Any CPU.ActiveCfg = Debug|Any CPU
		{93500148-86AF-4368-9E91-5ACA6E8FC32B}.Debug|Any CPU.Build.0 = Debug|Any CPU
		{93500148-86AF-4368-9E91-5ACA6E8FC32B}.Release|Any CPU.ActiveCfg = Release|Any CPU
		{93500148-86AF-4368-9E91-5ACA6E8FC32B}.Release|Any CPU.Build.0 = Release|Any CPU
		{CF343238-564D-4F84-9C54-FDD0DE0F5D9E}.Debug|Any CPU.ActiveCfg = Debug|Any CPU
		{CF343238-564D-4F84-9C54-FDD0DE0F5D9E}.Debug|Any CPU.Build.0 = Debug|Any CPU
		{CF343238-564D-4F84-9C54-FDD0DE0F5D9E}.Release|Any CPU.ActiveCfg = Release|Any CPU
		{CF343238-564D-4F84-9C54-FDD0DE0F5D9E}.Release|Any CPU.Build.0 = Release|Any CPU
		{EE54D9EB-8E6A-489E-A412-925C01142CB3}.Debug|Any CPU.ActiveCfg = Debug|Any CPU
		{EE54D9EB-8E6A-489E-A412-925C01142CB3}.Debug|Any CPU.Build.0 = Debug|Any CPU
		{EE54D9EB-8E6A-489E-A412-925C01142CB3}.Release|Any CPU.ActiveCfg = Release|Any CPU
		{EE54D9EB-8E6A-489E-A412-925C01142CB3}.Release|Any CPU.Build.0 = Release|Any CPU
		{D5C941FA-A5A6-466C-88E4-764C419EF6F1}.Debug|Any CPU.ActiveCfg = Debug|Any CPU
		{D5C941FA-A5A6-466C-88E4-764C419EF6F1}.Debug|Any CPU.Build.0 = Debug|Any CPU
		{D5C941FA-A5A6-466C-88E4-764C419EF6F1}.Release|Any CPU.ActiveCfg = Release|Any CPU
		{D5C941FA-A5A6-466C-88E4-764C419EF6F1}.Release|Any CPU.Build.0 = Release|Any CPU
		{BF60579C-E42D-4D06-A211-6705C2F9A3E5}.Debug|Any CPU.ActiveCfg = Debug|Any CPU
		{BF60579C-E42D-4D06-A211-6705C2F9A3E5}.Debug|Any CPU.Build.0 = Debug|Any CPU
		{BF60579C-E42D-4D06-A211-6705C2F9A3E5}.Debug|Any CPU.Deploy.0 = Debug|Any CPU
		{BF60579C-E42D-4D06-A211-6705C2F9A3E5}.Release|Any CPU.ActiveCfg = Release|Any CPU
		{BF60579C-E42D-4D06-A211-6705C2F9A3E5}.Release|Any CPU.Build.0 = Release|Any CPU
		{BF60579C-E42D-4D06-A211-6705C2F9A3E5}.Release|Any CPU.Deploy.0 = Release|Any CPU
		{7492E779-CCA6-4E17-AA6E-E57D19B5F7EF}.Debug|Any CPU.ActiveCfg = Debug|Any CPU
		{7492E779-CCA6-4E17-AA6E-E57D19B5F7EF}.Debug|Any CPU.Build.0 = Debug|Any CPU
		{7492E779-CCA6-4E17-AA6E-E57D19B5F7EF}.Release|Any CPU.ActiveCfg = Release|Any CPU
		{7492E779-CCA6-4E17-AA6E-E57D19B5F7EF}.Release|Any CPU.Build.0 = Release|Any CPU
		{ED61ED70-EC7A-41FF-ABF2-A646C6D8BE92}.Debug|Any CPU.ActiveCfg = Debug|Any CPU
		{ED61ED70-EC7A-41FF-ABF2-A646C6D8BE92}.Debug|Any CPU.Build.0 = Debug|Any CPU
		{ED61ED70-EC7A-41FF-ABF2-A646C6D8BE92}.Debug|Any CPU.Deploy.0 = Debug|Any CPU
		{ED61ED70-EC7A-41FF-ABF2-A646C6D8BE92}.Release|Any CPU.ActiveCfg = Release|Any CPU
		{ED61ED70-EC7A-41FF-ABF2-A646C6D8BE92}.Release|Any CPU.Build.0 = Release|Any CPU
		{ED61ED70-EC7A-41FF-ABF2-A646C6D8BE92}.Release|Any CPU.Deploy.0 = Release|Any CPU
		{6685702E-6D18-447A-9C31-0CEC23B33F38}.Debug|Any CPU.ActiveCfg = Debug|Any CPU
		{6685702E-6D18-447A-9C31-0CEC23B33F38}.Debug|Any CPU.Build.0 = Debug|Any CPU
		{6685702E-6D18-447A-9C31-0CEC23B33F38}.Release|Any CPU.ActiveCfg = Release|Any CPU
		{6685702E-6D18-447A-9C31-0CEC23B33F38}.Release|Any CPU.Build.0 = Release|Any CPU
		{05AA5709-DD02-49D0-8720-55C66C8248CC}.Debug|Any CPU.ActiveCfg = Debug|Any CPU
		{05AA5709-DD02-49D0-8720-55C66C8248CC}.Debug|Any CPU.Build.0 = Debug|Any CPU
		{05AA5709-DD02-49D0-8720-55C66C8248CC}.Release|Any CPU.ActiveCfg = Release|Any CPU
		{05AA5709-DD02-49D0-8720-55C66C8248CC}.Release|Any CPU.Build.0 = Release|Any CPU
		{0DD78F69-AD78-48F3-AEBA-F83A05975CA1}.Debug|Any CPU.ActiveCfg = Debug|Any CPU
		{0DD78F69-AD78-48F3-AEBA-F83A05975CA1}.Debug|Any CPU.Build.0 = Debug|Any CPU
		{0DD78F69-AD78-48F3-AEBA-F83A05975CA1}.Release|Any CPU.ActiveCfg = Release|Any CPU
		{0DD78F69-AD78-48F3-AEBA-F83A05975CA1}.Release|Any CPU.Build.0 = Release|Any CPU
		{6E35E5C3-6A1A-4B66-9D34-1088F6408948}.Debug|Any CPU.ActiveCfg = Debug|Any CPU
		{6E35E5C3-6A1A-4B66-9D34-1088F6408948}.Debug|Any CPU.Build.0 = Debug|Any CPU
		{6E35E5C3-6A1A-4B66-9D34-1088F6408948}.Release|Any CPU.ActiveCfg = Release|Any CPU
		{6E35E5C3-6A1A-4B66-9D34-1088F6408948}.Release|Any CPU.Build.0 = Release|Any CPU
		{1742AD7E-726E-4C06-82BB-EEC8B68712DE}.Debug|Any CPU.ActiveCfg = Debug|Any CPU
		{1742AD7E-726E-4C06-82BB-EEC8B68712DE}.Debug|Any CPU.Build.0 = Debug|Any CPU
		{1742AD7E-726E-4C06-82BB-EEC8B68712DE}.Release|Any CPU.ActiveCfg = Release|Any CPU
		{1742AD7E-726E-4C06-82BB-EEC8B68712DE}.Release|Any CPU.Build.0 = Release|Any CPU
		{D47C8D50-6685-465D-8931-99B6AC951DC7}.Debug|Any CPU.ActiveCfg = Debug|Any CPU
		{D47C8D50-6685-465D-8931-99B6AC951DC7}.Debug|Any CPU.Build.0 = Debug|Any CPU
		{D47C8D50-6685-465D-8931-99B6AC951DC7}.Release|Any CPU.ActiveCfg = Release|Any CPU
		{D47C8D50-6685-465D-8931-99B6AC951DC7}.Release|Any CPU.Build.0 = Release|Any CPU
		{6AFF28C4-6640-437E-B70E-2879007067FE}.Debug|Any CPU.ActiveCfg = Debug|Any CPU
		{6AFF28C4-6640-437E-B70E-2879007067FE}.Debug|Any CPU.Build.0 = Debug|Any CPU
		{6AFF28C4-6640-437E-B70E-2879007067FE}.Release|Any CPU.ActiveCfg = Release|Any CPU
		{6AFF28C4-6640-437E-B70E-2879007067FE}.Release|Any CPU.Build.0 = Release|Any CPU
		{0F0BC981-3CCD-4B9D-AA65-7E945858D3D6}.Debug|Any CPU.ActiveCfg = Debug|Any CPU
		{0F0BC981-3CCD-4B9D-AA65-7E945858D3D6}.Debug|Any CPU.Build.0 = Debug|Any CPU
		{0F0BC981-3CCD-4B9D-AA65-7E945858D3D6}.Release|Any CPU.ActiveCfg = Release|Any CPU
		{0F0BC981-3CCD-4B9D-AA65-7E945858D3D6}.Release|Any CPU.Build.0 = Release|Any CPU
		{3C4E1BB8-1A3C-48AD-BE03-87A2F37349CB}.Debug|Any CPU.ActiveCfg = Debug|Any CPU
		{3C4E1BB8-1A3C-48AD-BE03-87A2F37349CB}.Debug|Any CPU.Build.0 = Debug|Any CPU
		{3C4E1BB8-1A3C-48AD-BE03-87A2F37349CB}.Release|Any CPU.ActiveCfg = Release|Any CPU
		{3C4E1BB8-1A3C-48AD-BE03-87A2F37349CB}.Release|Any CPU.Build.0 = Release|Any CPU
		{5953B726-AC00-42B4-BD9A-296A38830A6F}.Debug|Any CPU.ActiveCfg = Debug|Any CPU
		{5953B726-AC00-42B4-BD9A-296A38830A6F}.Debug|Any CPU.Build.0 = Debug|Any CPU
		{5953B726-AC00-42B4-BD9A-296A38830A6F}.Release|Any CPU.ActiveCfg = Release|Any CPU
		{5953B726-AC00-42B4-BD9A-296A38830A6F}.Release|Any CPU.Build.0 = Release|Any CPU
		{1B7B51B7-B08E-4CAE-B25E-8D4361AC4A00}.Debug|Any CPU.ActiveCfg = Debug|Any CPU
		{1B7B51B7-B08E-4CAE-B25E-8D4361AC4A00}.Debug|Any CPU.Build.0 = Debug|Any CPU
		{1B7B51B7-B08E-4CAE-B25E-8D4361AC4A00}.Release|Any CPU.ActiveCfg = Release|Any CPU
		{1B7B51B7-B08E-4CAE-B25E-8D4361AC4A00}.Release|Any CPU.Build.0 = Release|Any CPU
		{1A0B6CAF-7466-47E1-B2A8-8ED92D2A1556}.Debug|Any CPU.ActiveCfg = Debug|Any CPU
		{1A0B6CAF-7466-47E1-B2A8-8ED92D2A1556}.Debug|Any CPU.Build.0 = Debug|Any CPU
		{1A0B6CAF-7466-47E1-B2A8-8ED92D2A1556}.Release|Any CPU.ActiveCfg = Release|Any CPU
		{1A0B6CAF-7466-47E1-B2A8-8ED92D2A1556}.Release|Any CPU.Build.0 = Release|Any CPU
		{1179DD65-2227-45E5-A7CB-3BD2CE7EF91A}.Debug|Any CPU.ActiveCfg = Debug|Any CPU
		{1179DD65-2227-45E5-A7CB-3BD2CE7EF91A}.Debug|Any CPU.Build.0 = Debug|Any CPU
		{1179DD65-2227-45E5-A7CB-3BD2CE7EF91A}.Release|Any CPU.ActiveCfg = Release|Any CPU
		{1179DD65-2227-45E5-A7CB-3BD2CE7EF91A}.Release|Any CPU.Build.0 = Release|Any CPU
		{60800DE5-1B2E-4024-A409-A82E11A30F7F}.Debug|Any CPU.ActiveCfg = Debug|Any CPU
		{60800DE5-1B2E-4024-A409-A82E11A30F7F}.Debug|Any CPU.Build.0 = Debug|Any CPU
		{60800DE5-1B2E-4024-A409-A82E11A30F7F}.Release|Any CPU.ActiveCfg = Release|Any CPU
		{60800DE5-1B2E-4024-A409-A82E11A30F7F}.Release|Any CPU.Build.0 = Release|Any CPU
		{FAF2F386-AC73-497F-B1E1-FE58C721E954}.Debug|Any CPU.ActiveCfg = Debug|Any CPU
		{FAF2F386-AC73-497F-B1E1-FE58C721E954}.Debug|Any CPU.Build.0 = Debug|Any CPU
		{FAF2F386-AC73-497F-B1E1-FE58C721E954}.Release|Any CPU.ActiveCfg = Release|Any CPU
		{FAF2F386-AC73-497F-B1E1-FE58C721E954}.Release|Any CPU.Build.0 = Release|Any CPU
		{D8F22956-5DA0-4F98-8699-149F65C2CE12}.Debug|Any CPU.ActiveCfg = Debug|Any CPU
		{D8F22956-5DA0-4F98-8699-149F65C2CE12}.Debug|Any CPU.Build.0 = Debug|Any CPU
		{D8F22956-5DA0-4F98-8699-149F65C2CE12}.Release|Any CPU.ActiveCfg = Release|Any CPU
		{D8F22956-5DA0-4F98-8699-149F65C2CE12}.Release|Any CPU.Build.0 = Release|Any CPU
		{F594662D-710D-4604-96A1-E5791CD7D4D7}.Debug|Any CPU.ActiveCfg = Debug|Any CPU
		{F594662D-710D-4604-96A1-E5791CD7D4D7}.Debug|Any CPU.Build.0 = Debug|Any CPU
		{F594662D-710D-4604-96A1-E5791CD7D4D7}.Release|Any CPU.ActiveCfg = Release|Any CPU
		{F594662D-710D-4604-96A1-E5791CD7D4D7}.Release|Any CPU.Build.0 = Release|Any CPU
		{25E842AF-FEF4-42B8-8F29-CF25A4D24540}.Debug|Any CPU.ActiveCfg = Debug|Any CPU
		{25E842AF-FEF4-42B8-8F29-CF25A4D24540}.Debug|Any CPU.Build.0 = Debug|Any CPU
		{25E842AF-FEF4-42B8-8F29-CF25A4D24540}.Release|Any CPU.ActiveCfg = Release|Any CPU
		{25E842AF-FEF4-42B8-8F29-CF25A4D24540}.Release|Any CPU.Build.0 = Release|Any CPU
		{A6342A31-F3C8-476D-8995-119AF90F9070}.Debug|Any CPU.ActiveCfg = Debug|Any CPU
		{A6342A31-F3C8-476D-8995-119AF90F9070}.Debug|Any CPU.Build.0 = Debug|Any CPU
		{A6342A31-F3C8-476D-8995-119AF90F9070}.Release|Any CPU.ActiveCfg = Release|Any CPU
		{A6342A31-F3C8-476D-8995-119AF90F9070}.Release|Any CPU.Build.0 = Release|Any CPU
		{E57F5EF6-CD41-41B1-A747-B2D06DC335AB}.Debug|Any CPU.ActiveCfg = Debug|Any CPU
		{E57F5EF6-CD41-41B1-A747-B2D06DC335AB}.Debug|Any CPU.Build.0 = Debug|Any CPU
		{E57F5EF6-CD41-41B1-A747-B2D06DC335AB}.Release|Any CPU.ActiveCfg = Release|Any CPU
		{E57F5EF6-CD41-41B1-A747-B2D06DC335AB}.Release|Any CPU.Build.0 = Release|Any CPU
		{480BB498-DE62-472A-8A61-2F5A9EEFD844}.Debug|Any CPU.ActiveCfg = Debug|Any CPU
		{480BB498-DE62-472A-8A61-2F5A9EEFD844}.Debug|Any CPU.Build.0 = Debug|Any CPU
		{480BB498-DE62-472A-8A61-2F5A9EEFD844}.Release|Any CPU.ActiveCfg = Release|Any CPU
		{480BB498-DE62-472A-8A61-2F5A9EEFD844}.Release|Any CPU.Build.0 = Release|Any CPU
		{33A6312E-BC41-40CE-8EEF-90C82768A28B}.Debug|Any CPU.ActiveCfg = Debug|Any CPU
		{33A6312E-BC41-40CE-8EEF-90C82768A28B}.Debug|Any CPU.Build.0 = Debug|Any CPU
		{33A6312E-BC41-40CE-8EEF-90C82768A28B}.Release|Any CPU.ActiveCfg = Release|Any CPU
		{33A6312E-BC41-40CE-8EEF-90C82768A28B}.Release|Any CPU.Build.0 = Release|Any CPU
		{B14123EF-7A31-4C9B-AB15-771E39FCE99B}.Debug|Any CPU.ActiveCfg = Debug|Any CPU
		{B14123EF-7A31-4C9B-AB15-771E39FCE99B}.Debug|Any CPU.Build.0 = Debug|Any CPU
		{B14123EF-7A31-4C9B-AB15-771E39FCE99B}.Release|Any CPU.ActiveCfg = Release|Any CPU
		{B14123EF-7A31-4C9B-AB15-771E39FCE99B}.Release|Any CPU.Build.0 = Release|Any CPU
		{514F58F0-EEBD-40CD-858A-6E4331471A70}.Debug|Any CPU.ActiveCfg = Debug|Any CPU
		{514F58F0-EEBD-40CD-858A-6E4331471A70}.Debug|Any CPU.Build.0 = Debug|Any CPU
		{514F58F0-EEBD-40CD-858A-6E4331471A70}.Release|Any CPU.ActiveCfg = Release|Any CPU
		{514F58F0-EEBD-40CD-858A-6E4331471A70}.Release|Any CPU.Build.0 = Release|Any CPU
		{3F9CDA1A-B2B0-4851-B490-CFB537CC98F6}.Debug|Any CPU.ActiveCfg = Debug|Any CPU
		{3F9CDA1A-B2B0-4851-B490-CFB537CC98F6}.Debug|Any CPU.Build.0 = Debug|Any CPU
		{3F9CDA1A-B2B0-4851-B490-CFB537CC98F6}.Release|Any CPU.ActiveCfg = Release|Any CPU
		{3F9CDA1A-B2B0-4851-B490-CFB537CC98F6}.Release|Any CPU.Build.0 = Release|Any CPU
		{F0E31720-5924-46EF-A2A7-1A65CE429902}.Debug|Any CPU.ActiveCfg = Debug|Any CPU
		{F0E31720-5924-46EF-A2A7-1A65CE429902}.Debug|Any CPU.Build.0 = Debug|Any CPU
		{F0E31720-5924-46EF-A2A7-1A65CE429902}.Release|Any CPU.ActiveCfg = Release|Any CPU
		{F0E31720-5924-46EF-A2A7-1A65CE429902}.Release|Any CPU.Build.0 = Release|Any CPU
	EndGlobalSection
	GlobalSection(SolutionProperties) = preSolution
		HideSolutionNode = FALSE
	EndGlobalSection
	GlobalSection(ExtensibilityGlobals) = postSolution
		SolutionGuid = {7F764EE3-C284-4BCC-B93D-1E925BFB9936}
	EndGlobalSection
EndGlobal
